// !$*UTF8*$!
{
	archiveVersion = 1;
	classes = {
	};
	objectVersion = 46;
	objects = {

/* Begin PBXBuildFile section */
		4A0660E3147E44A9000E5574 /* OpenGLES.framework in Frameworks */ = {isa = PBXBuildFile; fileRef = 4A0660E2147E44A9000E5574 /* OpenGLES.framework */; };
		4A066272147E456F000E5574 /* QuartzCore.framework in Frameworks */ = {isa = PBXBuildFile; fileRef = 4A066271147E456F000E5574 /* QuartzCore.framework */; };
		4A066274147E4581000E5574 /* AudioToolbox.framework in Frameworks */ = {isa = PBXBuildFile; fileRef = 4A066273147E4581000E5574 /* AudioToolbox.framework */; };
		4A066276147E4587000E5574 /* OpenAL.framework in Frameworks */ = {isa = PBXBuildFile; fileRef = 4A066275147E4587000E5574 /* OpenAL.framework */; };
		4A066281147E4685000E5574 /* libz.1.2.5.dylib in Frameworks */ = {isa = PBXBuildFile; fileRef = 4A066280147E4685000E5574 /* libz.1.2.5.dylib */; };
		4A0C626F14C55EC800D37710 /* HSSceneManager.m in Sources */ = {isa = PBXBuildFile; fileRef = 4A0C626E14C55EC800D37710 /* HSSceneManager.m */; };
		4A1E46B716E83ABA001C288E /* HSActorDescriptionManager.m in Sources */ = {isa = PBXBuildFile; fileRef = 4A1E46B616E83ABA001C288E /* HSActorDescriptionManager.m */; };
		4A1E46BA16E8899E001C288E /* HSActorLocomotive.mm in Sources */ = {isa = PBXBuildFile; fileRef = 4A1E46B916E8899D001C288E /* HSActorLocomotive.mm */; };
		4A2CF1DA1520128C007CEEAD /* TPool.m in Sources */ = {isa = PBXBuildFile; fileRef = 4A2CF1D91520128C007CEEAD /* TPool.m */; };
		4A3317711519778600A77096 /* HSMapEngine.mm in Sources */ = {isa = PBXBuildFile; fileRef = 4A3317701519778600A77096 /* HSMapEngine.mm */; };
		4A6E7AE616E8C40100C53C9D /* terrain1.json in Resources */ = {isa = PBXBuildFile; fileRef = 4A6E7AE516E8C40100C53C9D /* terrain1.json */; };
		4A94D6C816E6DD1C006A0C0A /* testCar.json in Resources */ = {isa = PBXBuildFile; fileRef = 4A94D6C716E6DD1C006A0C0A /* testCar.json */; };
		4A94D70316E73A8B006A0C0A /* b2BodyList.mm in Sources */ = {isa = PBXBuildFile; fileRef = 4A94D70216E73A8B006A0C0A /* b2BodyList.mm */; };
		4A94D70416E76B72006A0C0A /* libcocos2d.a in Frameworks */ = {isa = PBXBuildFile; fileRef = 4A02588216E2329300788826 /* libcocos2d.a */; };
		4A94D70516E76B83006A0C0A /* liblibOpen.a in Frameworks */ = {isa = PBXBuildFile; fileRef = 4A0258EE16E2329A00788826 /* liblibOpen.a */; };
		4A9867D316E44D9600F3797D /* ImageIO.framework in Frameworks */ = {isa = PBXBuildFile; fileRef = 4A9867D216E44D9600F3797D /* ImageIO.framework */; };
		4A9867D516E44DAC00F3797D /* MapKit.framework in Frameworks */ = {isa = PBXBuildFile; fileRef = 4A9867D416E44DAC00F3797D /* MapKit.framework */; };
		4A9B29011505AF66003384A0 /* HSMainLayer.mm in Sources */ = {isa = PBXBuildFile; fileRef = 4A9B29001505AF66003384A0 /* HSMainLayer.mm */; };
		4AA333A716E5F75E00747D38 /* HSDynamicTreeManager.mm in Sources */ = {isa = PBXBuildFile; fileRef = 4AA333A616E5F75E00747D38 /* HSDynamicTreeManager.mm */; };
		4AA3356A16E6253C00747D38 /* HSActorBase.mm in Sources */ = {isa = PBXBuildFile; fileRef = 4AA3356916E6253B00747D38 /* HSActorBase.mm */; };
		4AACC6E7152AE3E9003A0751 /* CFNetwork.framework in Frameworks */ = {isa = PBXBuildFile; fileRef = 4AACC6E6152AE3E9003A0751 /* CFNetwork.framework */; };
		4AACC6E9152AE417003A0751 /* MobileCoreServices.framework in Frameworks */ = {isa = PBXBuildFile; fileRef = 4AACC6E8152AE417003A0751 /* MobileCoreServices.framework */; };
		4AACC6EB152AE42C003A0751 /* SystemConfiguration.framework in Frameworks */ = {isa = PBXBuildFile; fileRef = 4AACC6EA152AE42C003A0751 /* SystemConfiguration.framework */; };
		4AACC6ED152AE461003A0751 /* libxml2.dylib in Frameworks */ = {isa = PBXBuildFile; fileRef = 4AACC6EC152AE461003A0751 /* libxml2.dylib */; };
		4AB3C79B151C2769005C7664 /* GLES-Render.mm in Sources */ = {isa = PBXBuildFile; fileRef = 4AB3C79A151C2769005C7664 /* GLES-Render.mm */; };
		4AB3C95A151C493B005C7664 /* Default.png in Resources */ = {isa = PBXBuildFile; fileRef = 4AB3C7C3151C493A005C7664 /* Default.png */; };
		4AB3C96D151C493B005C7664 /* fps_images-hd.png in Resources */ = {isa = PBXBuildFile; fileRef = 4AB3C7D7151C493A005C7664 /* fps_images-hd.png */; };
		4AB3C96E151C493B005C7664 /* fps_images-ipadhd.png in Resources */ = {isa = PBXBuildFile; fileRef = 4AB3C7D8151C493A005C7664 /* fps_images-ipadhd.png */; };
		4AB3C96F151C493B005C7664 /* fps_images.GlyphProject in Resources */ = {isa = PBXBuildFile; fileRef = 4AB3C7D9151C493A005C7664 /* fps_images.GlyphProject */; };
		4AB3C970151C493B005C7664 /* fps_images.png in Resources */ = {isa = PBXBuildFile; fileRef = 4AB3C7DA151C493A005C7664 /* fps_images.png */; };
		4AB3C988151C493B005C7664 /* Icon-72.png in Resources */ = {isa = PBXBuildFile; fileRef = 4AB3C7F2151C493A005C7664 /* Icon-72.png */; };
		4AB3C989151C493B005C7664 /* Icon-Small-50.png in Resources */ = {isa = PBXBuildFile; fileRef = 4AB3C7F3151C493A005C7664 /* Icon-Small-50.png */; };
		4AB3C98A151C493B005C7664 /* Icon-Small.png in Resources */ = {isa = PBXBuildFile; fileRef = 4AB3C7F4151C493A005C7664 /* Icon-Small.png */; };
		4AB3C98B151C493B005C7664 /* Icon-Small@2x.png in Resources */ = {isa = PBXBuildFile; fileRef = 4AB3C7F5151C493A005C7664 /* Icon-Small@2x.png */; };
		4AB3C98C151C493B005C7664 /* Icon.png in Resources */ = {isa = PBXBuildFile; fileRef = 4AB3C7F6151C493A005C7664 /* Icon.png */; };
		4AB3C98D151C493B005C7664 /* Icon@2x.png in Resources */ = {isa = PBXBuildFile; fileRef = 4AB3C7F7151C493A005C7664 /* Icon@2x.png */; };
		4AB3CA68151C493B005C7664 /* iTunesArtwork in Resources */ = {isa = PBXBuildFile; fileRef = 4AB3C8D5151C493B005C7664 /* iTunesArtwork */; };
		4ABAB6041515DE69003EA61A /* HSActorManager.mm in Sources */ = {isa = PBXBuildFile; fileRef = 4ABAB6031515DE69003EA61A /* HSActorManager.mm */; };
		4AC6288B151864FB00BB45FB /* HSActorController.mm in Sources */ = {isa = PBXBuildFile; fileRef = 4AC6288A151864FB00BB45FB /* HSActorController.mm */; };
		4AC6289A15186DA600BB45FB /* HSWorldManager.mm in Sources */ = {isa = PBXBuildFile; fileRef = 4AC6289715186A0500BB45FB /* HSWorldManager.mm */; };
		4AC7AFD9147CDD4200E00C93 /* UIKit.framework in Frameworks */ = {isa = PBXBuildFile; fileRef = 4AC7AFD8147CDD4200E00C93 /* UIKit.framework */; };
		4AC7AFDB147CDD4200E00C93 /* Foundation.framework in Frameworks */ = {isa = PBXBuildFile; fileRef = 4AC7AFDA147CDD4200E00C93 /* Foundation.framework */; };
		4AC7AFDD147CDD4200E00C93 /* CoreGraphics.framework in Frameworks */ = {isa = PBXBuildFile; fileRef = 4AC7AFDC147CDD4200E00C93 /* CoreGraphics.framework */; };
		4AC7AFDF147CDD4200E00C93 /* CoreData.framework in Frameworks */ = {isa = PBXBuildFile; fileRef = 4AC7AFDE147CDD4200E00C93 /* CoreData.framework */; };
		4AC7AFE5147CDD4200E00C93 /* InfoPlist.strings in Resources */ = {isa = PBXBuildFile; fileRef = 4AC7AFE3147CDD4200E00C93 /* InfoPlist.strings */; };
		4AC7AFE7147CDD4200E00C93 /* main.m in Sources */ = {isa = PBXBuildFile; fileRef = 4AC7AFE6147CDD4200E00C93 /* main.m */; };
		4AC7B028147CDF4500E00C93 /* cocos2DAppDelegate.m in Sources */ = {isa = PBXBuildFile; fileRef = 4AC7B022147CDF4500E00C93 /* cocos2DAppDelegate.m */; };
		4AF3D69E151036D7009BB2EC /* TIntList.m in Sources */ = {isa = PBXBuildFile; fileRef = 4AF3D69D151036D7009BB2EC /* TIntList.m */; };
		4AF3D6A4151039E1009BB2EC /* TSimpleList.m in Sources */ = {isa = PBXBuildFile; fileRef = 4AF3D6A3151039E1009BB2EC /* TSimpleList.m */; };
		4AF3D6B215103BF3009BB2EC /* TFloatList.m in Sources */ = {isa = PBXBuildFile; fileRef = 4AF3D6B115103BF3009BB2EC /* TFloatList.m */; };
		4AF3D6B515103E1F009BB2EC /* Tb2VecList.mm in Sources */ = {isa = PBXBuildFile; fileRef = 4AF3D6B415103E1F009BB2EC /* Tb2VecList.mm */; };
		4AF3D6BA1510824B009BB2EC /* b2JointList.mm in Sources */ = {isa = PBXBuildFile; fileRef = 4AF3D6B91510824B009BB2EC /* b2JointList.mm */; };
		4AF55942152D53FA00B70099 /* land1.plist in Resources */ = {isa = PBXBuildFile; fileRef = 4AF55940152D53FA00B70099 /* land1.plist */; };
		4AF55943152D53FA00B70099 /* land1.png in Resources */ = {isa = PBXBuildFile; fileRef = 4AF55941152D53FA00B70099 /* land1.png */; };
		4AF55946152D545D00B70099 /* tree1.plist in Resources */ = {isa = PBXBuildFile; fileRef = 4AF55944152D545D00B70099 /* tree1.plist */; };
		4AF55947152D545D00B70099 /* tree1.png in Resources */ = {isa = PBXBuildFile; fileRef = 4AF55945152D545D00B70099 /* tree1.png */; };
		4AF5594A152D54DC00B70099 /* car1.plist in Resources */ = {isa = PBXBuildFile; fileRef = 4AF55948152D54DC00B70099 /* car1.plist */; };
		4AF5594B152D54DC00B70099 /* car1.png in Resources */ = {isa = PBXBuildFile; fileRef = 4AF55949152D54DC00B70099 /* car1.png */; };
		4AF5594E152D54FD00B70099 /* sky1.plist in Resources */ = {isa = PBXBuildFile; fileRef = 4AF5594C152D54FD00B70099 /* sky1.plist */; };
		4AF5594F152D54FD00B70099 /* sky1.png in Resources */ = {isa = PBXBuildFile; fileRef = 4AF5594D152D54FD00B70099 /* sky1.png */; };
		4AF55952152D5EC700B70099 /* bone1.plist in Resources */ = {isa = PBXBuildFile; fileRef = 4AF55950152D5EC700B70099 /* bone1.plist */; };
		4AF55953152D5EC700B70099 /* bone1.png in Resources */ = {isa = PBXBuildFile; fileRef = 4AF55951152D5EC700B70099 /* bone1.png */; };
		4AF55956152D650B00B70099 /* bg1.plist in Resources */ = {isa = PBXBuildFile; fileRef = 4AF55954152D650B00B70099 /* bg1.plist */; };
		4AF55957152D650B00B70099 /* bg1.png in Resources */ = {isa = PBXBuildFile; fileRef = 4AF55955152D650B00B70099 /* bg1.png */; };
		4AFD1211152E9EF900E6246D /* person.json in Resources */ = {isa = PBXBuildFile; fileRef = 4AFD1210152E9EF900E6246D /* person.json */; };
/* End PBXBuildFile section */

/* Begin PBXContainerItemProxy section */
		4A02587B16E2329300788826 /* PBXContainerItemProxy */ = {
			isa = PBXContainerItemProxy;
			containerPortal = 4A02584116E2329100788826 /* cocos2d-ios.xcodeproj */;
			proxyType = 2;
			remoteGlobalIDString = 509807081175041800EA7266;
			remoteInfo = "build all tests";
		};
		4A02587D16E2329300788826 /* PBXContainerItemProxy */ = {
			isa = PBXContainerItemProxy;
			containerPortal = 4A02584116E2329100788826 /* cocos2d-ios.xcodeproj */;
			proxyType = 2;
			remoteGlobalIDString = 504225700FC0B39C00B992F7;
			remoteInfo = box2d;
		};
		4A02587F16E2329300788826 /* PBXContainerItemProxy */ = {
			isa = PBXContainerItemProxy;
			containerPortal = 4A02584116E2329100788826 /* cocos2d-ios.xcodeproj */;
			proxyType = 2;
			remoteGlobalIDString = 50B2C4D10E100AEA00AE9530;
			remoteInfo = Chipmunk;
		};
		4A02588116E2329300788826 /* PBXContainerItemProxy */ = {
			isa = PBXContainerItemProxy;
			containerPortal = 4A02584116E2329100788826 /* cocos2d-ios.xcodeproj */;
			proxyType = 2;
			remoteGlobalIDString = 5018F24D0DFDEAC400C013A5;
			remoteInfo = cocos2d;
		};
		4A02588316E2329300788826 /* PBXContainerItemProxy */ = {
			isa = PBXContainerItemProxy;
			containerPortal = 4A02584116E2329100788826 /* cocos2d-ios.xcodeproj */;
			proxyType = 2;
			remoteGlobalIDString = 502C65EE0DFEF3DD00E4107D;
			remoteInfo = "cocos2d-documentation";
		};
		4A02588516E2329300788826 /* PBXContainerItemProxy */ = {
			isa = PBXContainerItemProxy;
			containerPortal = 4A02584116E2329100788826 /* cocos2d-ios.xcodeproj */;
			proxyType = 2;
			remoteGlobalIDString = 50CB2FCA1004C8B100B7A750;
			remoteInfo = CocosDenshion;
		};
		4A02588716E2329300788826 /* PBXContainerItemProxy */ = {
			isa = PBXContainerItemProxy;
			containerPortal = 4A02584116E2329100788826 /* cocos2d-ios.xcodeproj */;
			proxyType = 2;
			remoteGlobalIDString = A04A1FEB13B826B300ABAFB7;
			remoteInfo = kazmath;
		};
		4A02588916E2329300788826 /* PBXContainerItemProxy */ = {
			isa = PBXContainerItemProxy;
			containerPortal = 4A02584116E2329100788826 /* cocos2d-ios.xcodeproj */;
			proxyType = 2;
			remoteGlobalIDString = 503164CD10277665003ACFE7;
			remoteInfo = libpng;
		};
		4A02588B16E2329300788826 /* PBXContainerItemProxy */ = {
			isa = PBXContainerItemProxy;
			containerPortal = 4A02584116E2329100788826 /* cocos2d-ios.xcodeproj */;
			proxyType = 2;
			remoteGlobalIDString = 504CC32F1035BDE90096894C;
			remoteInfo = ActionManagerTest;
		};
		4A02588D16E2329300788826 /* PBXContainerItemProxy */ = {
			isa = PBXContainerItemProxy;
			containerPortal = 4A02584116E2329100788826 /* cocos2d-ios.xcodeproj */;
			proxyType = 2;
			remoteGlobalIDString = 50C93AAD0E0BF6E000517B01;
			remoteInfo = ActionsTest;
		};
		4A02588F16E2329300788826 /* PBXContainerItemProxy */ = {
			isa = PBXContainerItemProxy;
			containerPortal = 4A02584116E2329100788826 /* cocos2d-ios.xcodeproj */;
			proxyType = 2;
			remoteGlobalIDString = 05CA7B0410ED674700F12774;
			remoteInfo = ActionsWithBlocksSample;
		};
		4A02589116E2329300788826 /* PBXContainerItemProxy */ = {
			isa = PBXContainerItemProxy;
			containerPortal = 4A02584116E2329100788826 /* cocos2d-ios.xcodeproj */;
			proxyType = 2;
			remoteGlobalIDString = 504828800F45AED700A30CEF;
			remoteInfo = AttachTest;
		};
		4A02589316E2329300788826 /* PBXContainerItemProxy */ = {
			isa = PBXContainerItemProxy;
			containerPortal = 4A02584116E2329100788826 /* cocos2d-ios.xcodeproj */;
			proxyType = 2;
			remoteGlobalIDString = 5042262E0FC0B5D500B992F7;
			remoteInfo = Box2dAccelTouchTest;
		};
		4A02589516E2329300788826 /* PBXContainerItemProxy */ = {
			isa = PBXContainerItemProxy;
			containerPortal = 4A02584116E2329100788826 /* cocos2d-ios.xcodeproj */;
			proxyType = 2;
			remoteGlobalIDString = 50010ED2103B3DB80059EC2E;
			remoteInfo = Box2dTestBed;
		};
		4A02589716E2329300788826 /* PBXContainerItemProxy */ = {
			isa = PBXContainerItemProxy;
			containerPortal = 4A02584116E2329100788826 /* cocos2d-ios.xcodeproj */;
			proxyType = 2;
			remoteGlobalIDString = 50B2C5E80E100EF000AE9530;
			remoteInfo = ChipmunkAccelTouchTest;
		};
		4A02589916E2329300788826 /* PBXContainerItemProxy */ = {
			isa = PBXContainerItemProxy;
			containerPortal = 4A02584116E2329100788826 /* cocos2d-ios.xcodeproj */;
			proxyType = 2;
			remoteGlobalIDString = 506C77E20E01520900B48100;
			remoteInfo = ClickAndMoveTest;
		};
		4A02589B16E2329300788826 /* PBXContainerItemProxy */ = {
			isa = PBXContainerItemProxy;
			containerPortal = 4A02584116E2329100788826 /* cocos2d-ios.xcodeproj */;
			proxyType = 2;
			remoteGlobalIDString = 505224F911B3D4700061670F;
			remoteInfo = "CocosDenshion - Tom The Turret";
		};
		4A02589D16E2329300788826 /* PBXContainerItemProxy */ = {
			isa = PBXContainerItemProxy;
			containerPortal = 4A02584116E2329100788826 /* cocos2d-ios.xcodeproj */;
			proxyType = 2;
			remoteGlobalIDString = 505228BA11B3DBB90061670F;
			remoteInfo = "CocosDenshion - Drum Pad";
		};
		4A02589F16E2329300788826 /* PBXContainerItemProxy */ = {
			isa = PBXContainerItemProxy;
			containerPortal = 4A02584116E2329100788826 /* cocos2d-ios.xcodeproj */;
			proxyType = 2;
			remoteGlobalIDString = 5052293C11B3DCD80061670F;
			remoteInfo = "CocosDenshion - Fade To Grey";
		};
		4A0258A116E2329300788826 /* PBXContainerItemProxy */ = {
			isa = PBXContainerItemProxy;
			containerPortal = 4A02584116E2329100788826 /* cocos2d-ios.xcodeproj */;
			proxyType = 2;
			remoteGlobalIDString = 5052296E11B3DCE90061670F;
			remoteInfo = "CocosDenshion - FancyRat Metering";
		};
		4A0258A316E2329300788826 /* PBXContainerItemProxy */ = {
			isa = PBXContainerItemProxy;
			containerPortal = 4A02584116E2329100788826 /* cocos2d-ios.xcodeproj */;
			proxyType = 2;
			remoteGlobalIDString = A01AB91A149709E300C93DB6;
			remoteInfo = DirectorTest;
		};
		4A0258A516E2329300788826 /* PBXContainerItemProxy */ = {
			isa = PBXContainerItemProxy;
			containerPortal = 4A02584116E2329100788826 /* cocos2d-ios.xcodeproj */;
			proxyType = 2;
			remoteGlobalIDString = 501945740F964C620059CE7C;
			remoteInfo = drawPrimitivesTest;
		};
		4A0258A716E2329300788826 /* PBXContainerItemProxy */ = {
			isa = PBXContainerItemProxy;
			containerPortal = 4A02584116E2329100788826 /* cocos2d-ios.xcodeproj */;
			proxyType = 2;
			remoteGlobalIDString = 504E17DC11C4C7E100E19835;
			remoteInfo = EAGLViewTest;
		};
		4A0258A916E2329300788826 /* PBXContainerItemProxy */ = {
			isa = PBXContainerItemProxy;
			containerPortal = 4A02584116E2329100788826 /* cocos2d-ios.xcodeproj */;
			proxyType = 2;
			remoteGlobalIDString = 505B63A30F2F4210001B4104;
			remoteInfo = ActionsEaseTest;
		};
		4A0258AB16E2329300788826 /* PBXContainerItemProxy */ = {
			isa = PBXContainerItemProxy;
			containerPortal = 4A02584116E2329100788826 /* cocos2d-ios.xcodeproj */;
			proxyType = 2;
			remoteGlobalIDString = 50A24E440F377FA1007CAEB0;
			remoteInfo = EffectsTest;
		};
		4A0258AD16E2329300788826 /* PBXContainerItemProxy */ = {
			isa = PBXContainerItemProxy;
			containerPortal = 4A02584116E2329100788826 /* cocos2d-ios.xcodeproj */;
			proxyType = 2;
			remoteGlobalIDString = 50D56FD20F3FABEC007CD6B9;
			remoteInfo = EffectsAdvancedTest;
		};
		4A0258AF16E2329300788826 /* PBXContainerItemProxy */ = {
			isa = PBXContainerItemProxy;
			containerPortal = 4A02584116E2329100788826 /* cocos2d-ios.xcodeproj */;
			proxyType = 2;
			remoteGlobalIDString = DAABAA9A1059A42E00794EB3;
			remoteInfo = FontTest;
		};
		4A0258B116E2329300788826 /* PBXContainerItemProxy */ = {
			isa = PBXContainerItemProxy;
			containerPortal = 4A02584116E2329100788826 /* cocos2d-ios.xcodeproj */;
			proxyType = 2;
			remoteGlobalIDString = 50C7D4950E5C2ED80035ACA2;
			remoteInfo = IntervalTest;
		};
		4A0258B316E2329300788826 /* PBXContainerItemProxy */ = {
			isa = PBXContainerItemProxy;
			containerPortal = 4A02584116E2329100788826 /* cocos2d-ios.xcodeproj */;
			proxyType = 2;
			remoteGlobalIDString = 506882110E95761200F943E5;
			remoteInfo = LabelTest;
		};
		4A0258B516E2329300788826 /* PBXContainerItemProxy */ = {
			isa = PBXContainerItemProxy;
			containerPortal = 4A02584116E2329100788826 /* cocos2d-ios.xcodeproj */;
			proxyType = 2;
			remoteGlobalIDString = 504799B1100F6A4200D1C71A;
			remoteInfo = LayerTest;
		};
		4A0258B716E2329300788826 /* PBXContainerItemProxy */ = {
			isa = PBXContainerItemProxy;
			containerPortal = 4A02584116E2329100788826 /* cocos2d-ios.xcodeproj */;
			proxyType = 2;
			remoteGlobalIDString = 506C7A090E01C73A00B48100;
			remoteInfo = MenuTest;
		};
		4A0258B916E2329300788826 /* PBXContainerItemProxy */ = {
			isa = PBXContainerItemProxy;
			containerPortal = 4A02584116E2329100788826 /* cocos2d-ios.xcodeproj */;
			proxyType = 2;
			remoteGlobalIDString = 50A783C40F3AFCE500104C45;
			remoteInfo = MotionStreakTest;
		};
		4A0258BB16E2329300788826 /* PBXContainerItemProxy */ = {
			isa = PBXContainerItemProxy;
			containerPortal = 4A02584116E2329100788826 /* cocos2d-ios.xcodeproj */;
			proxyType = 2;
			remoteGlobalIDString = 506144080E589A2E003CCDB7;
			remoteInfo = NodeTest;
		};
		4A0258BD16E2329300788826 /* PBXContainerItemProxy */ = {
			isa = PBXContainerItemProxy;
			containerPortal = 4A02584116E2329100788826 /* cocos2d-ios.xcodeproj */;
			proxyType = 2;
			remoteGlobalIDString = 50C195600EE4B57E00829067;
			remoteInfo = ParallaxTest;
		};
		4A0258BF16E2329300788826 /* PBXContainerItemProxy */ = {
			isa = PBXContainerItemProxy;
			containerPortal = 4A02584116E2329100788826 /* cocos2d-ios.xcodeproj */;
			proxyType = 2;
			remoteGlobalIDString = 50DB1BCA0E1C1E5900A89DFF;
			remoteInfo = ParticleTest;
		};
		4A0258C116E2329300788826 /* PBXContainerItemProxy */ = {
			isa = PBXContainerItemProxy;
			containerPortal = 4A02584116E2329100788826 /* cocos2d-ios.xcodeproj */;
			proxyType = 2;
			remoteGlobalIDString = 501504ED11330E1700A9CA65;
			remoteInfo = ActionsProgressTest;
		};
		4A0258C316E2329300788826 /* PBXContainerItemProxy */ = {
			isa = PBXContainerItemProxy;
			containerPortal = 4A02584116E2329100788826 /* cocos2d-ios.xcodeproj */;
			proxyType = 2;
			remoteGlobalIDString = 495E73F7104B74E20012BB52;
			remoteInfo = RenderTextureTest;
		};
		4A0258C516E2329300788826 /* PBXContainerItemProxy */ = {
			isa = PBXContainerItemProxy;
			containerPortal = 4A02584116E2329100788826 /* cocos2d-ios.xcodeproj */;
			proxyType = 2;
			remoteGlobalIDString = 502C66180DFEFCCA00E4107D;
			remoteInfo = RotateWorldTest;
		};
		4A0258C716E2329300788826 /* PBXContainerItemProxy */ = {
			isa = PBXContainerItemProxy;
			containerPortal = 4A02584116E2329100788826 /* cocos2d-ios.xcodeproj */;
			proxyType = 2;
			remoteGlobalIDString = 506C800E0E041C9300B48100;
			remoteInfo = SceneTest;
		};
		4A0258C916E2329300788826 /* PBXContainerItemProxy */ = {
			isa = PBXContainerItemProxy;
			containerPortal = 4A02584116E2329100788826 /* cocos2d-ios.xcodeproj */;
			proxyType = 2;
			remoteGlobalIDString = 508CA7DA1193270F003AC397;
			remoteInfo = SchedulerTest;
		};
		4A0258CB16E2329300788826 /* PBXContainerItemProxy */ = {
			isa = PBXContainerItemProxy;
			containerPortal = 4A02584116E2329100788826 /* cocos2d-ios.xcodeproj */;
			proxyType = 2;
			remoteGlobalIDString = E03A4F691355041F00D4B515;
			remoteInfo = ShaderTest;
		};
		4A0258CD16E2329300788826 /* PBXContainerItemProxy */ = {
			isa = PBXContainerItemProxy;
			containerPortal = 4A02584116E2329100788826 /* cocos2d-ios.xcodeproj */;
			proxyType = 2;
			remoteGlobalIDString = 501C7C910F91EFFF0024A296;
			remoteInfo = SpriteTest;
		};
		4A0258CF16E2329300788826 /* PBXContainerItemProxy */ = {
			isa = PBXContainerItemProxy;
			containerPortal = 4A02584116E2329100788826 /* cocos2d-ios.xcodeproj */;
			proxyType = 2;
			remoteGlobalIDString = 505B62D60F2E6A0F001B4104;
			remoteInfo = Texture2dTest;
		};
		4A0258D116E2329300788826 /* PBXContainerItemProxy */ = {
			isa = PBXContainerItemProxy;
			containerPortal = 4A02584116E2329100788826 /* cocos2d-ios.xcodeproj */;
			proxyType = 2;
			remoteGlobalIDString = 503F5CBE101FE930002A37E5;
			remoteInfo = TileMapTest;
		};
		4A0258D316E2329300788826 /* PBXContainerItemProxy */ = {
			isa = PBXContainerItemProxy;
			containerPortal = 4A02584116E2329100788826 /* cocos2d-ios.xcodeproj */;
			proxyType = 2;
			remoteGlobalIDString = 5012DD3B0FE2994300D6DDD1;
			remoteInfo = TouchesTest;
		};
		4A0258D516E2329300788826 /* PBXContainerItemProxy */ = {
			isa = PBXContainerItemProxy;
			containerPortal = 4A02584116E2329100788826 /* cocos2d-ios.xcodeproj */;
			proxyType = 2;
			remoteGlobalIDString = 50C938E00E0A9DBB00517B01;
			remoteInfo = TransitionsTest;
		};
		4A0258D716E2329300788826 /* PBXContainerItemProxy */ = {
			isa = PBXContainerItemProxy;
			containerPortal = 4A02584116E2329100788826 /* cocos2d-ios.xcodeproj */;
			proxyType = 2;
			remoteGlobalIDString = E0C5588611FE48E600B9E4CB;
			remoteInfo = ZwoptexTest;
		};
		4A0258D916E2329300788826 /* PBXContainerItemProxy */ = {
			isa = PBXContainerItemProxy;
			containerPortal = 4A02584116E2329100788826 /* cocos2d-ios.xcodeproj */;
			proxyType = 2;
			remoteGlobalIDString = 507FF8F2116D16F600B6FAB2;
			remoteInfo = Bug350;
		};
		4A0258DB16E2329300788826 /* PBXContainerItemProxy */ = {
			isa = PBXContainerItemProxy;
			containerPortal = 4A02584116E2329100788826 /* cocos2d-ios.xcodeproj */;
			proxyType = 2;
			remoteGlobalIDString = 50CB34DD100765EF00B7A750;
			remoteInfo = Bug422;
		};
		4A0258DD16E2329300788826 /* PBXContainerItemProxy */ = {
			isa = PBXContainerItemProxy;
			containerPortal = 4A02584116E2329100788826 /* cocos2d-ios.xcodeproj */;
			proxyType = 2;
			remoteGlobalIDString = E037DA4C1281C7F0003D39D7;
			remoteInfo = Bug458;
		};
		4A0258DF16E2329300788826 /* PBXContainerItemProxy */ = {
			isa = PBXContainerItemProxy;
			containerPortal = 4A02584116E2329100788826 /* cocos2d-ios.xcodeproj */;
			proxyType = 2;
			remoteGlobalIDString = E02BC2CD1270E489006E46A2;
			remoteInfo = Bug624;
		};
		4A0258E116E2329300788826 /* PBXContainerItemProxy */ = {
			isa = PBXContainerItemProxy;
			containerPortal = 4A02584116E2329100788826 /* cocos2d-ios.xcodeproj */;
			proxyType = 2;
			remoteGlobalIDString = 50CBA48711CBD6FB007B009D;
			remoteInfo = Bug886;
		};
		4A0258E316E2329300788826 /* PBXContainerItemProxy */ = {
			isa = PBXContainerItemProxy;
			containerPortal = 4A02584116E2329100788826 /* cocos2d-ios.xcodeproj */;
			proxyType = 2;
			remoteGlobalIDString = 507C0F0B11D609290075E747;
			remoteInfo = Bug899;
		};
		4A0258E516E2329300788826 /* PBXContainerItemProxy */ = {
			isa = PBXContainerItemProxy;
			containerPortal = 4A02584116E2329100788826 /* cocos2d-ios.xcodeproj */;
			proxyType = 2;
			remoteGlobalIDString = 502BF56911E39CC30030C477;
			remoteInfo = Bug914;
		};
		4A0258E716E2329300788826 /* PBXContainerItemProxy */ = {
			isa = PBXContainerItemProxy;
			containerPortal = 4A02584116E2329100788826 /* cocos2d-ios.xcodeproj */;
			proxyType = 2;
			remoteGlobalIDString = E0EA56A5134B9CA800F212C8;
			remoteInfo = Bug1159;
		};
		4A0258ED16E2329A00788826 /* PBXContainerItemProxy */ = {
			isa = PBXContainerItemProxy;
			containerPortal = 4A0258E916E2329900788826 /* libOpen.xcodeproj */;
			proxyType = 2;
			remoteGlobalIDString = 9680956213CD344D0014D09A;
			remoteInfo = libOpen;
		};
/* End PBXContainerItemProxy section */

/* Begin PBXFileReference section */
		4A02584116E2329100788826 /* cocos2d-ios.xcodeproj */ = {isa = PBXFileReference; lastKnownFileType = "wrapper.pb-project"; name = "cocos2d-ios.xcodeproj"; path = "../libCocos2D/cocos2d-ios.xcodeproj"; sourceTree = "<group>"; };
		4A0258E916E2329900788826 /* libOpen.xcodeproj */ = {isa = PBXFileReference; lastKnownFileType = "wrapper.pb-project"; name = libOpen.xcodeproj; path = ../libOpen/libOpen.xcodeproj; sourceTree = "<group>"; };
		4A0660E2147E44A9000E5574 /* OpenGLES.framework */ = {isa = PBXFileReference; lastKnownFileType = wrapper.framework; name = OpenGLES.framework; path = System/Library/Frameworks/OpenGLES.framework; sourceTree = SDKROOT; };
		4A066271147E456F000E5574 /* QuartzCore.framework */ = {isa = PBXFileReference; lastKnownFileType = wrapper.framework; name = QuartzCore.framework; path = System/Library/Frameworks/QuartzCore.framework; sourceTree = SDKROOT; };
		4A066273147E4581000E5574 /* AudioToolbox.framework */ = {isa = PBXFileReference; lastKnownFileType = wrapper.framework; name = AudioToolbox.framework; path = System/Library/Frameworks/AudioToolbox.framework; sourceTree = SDKROOT; };
		4A066275147E4587000E5574 /* OpenAL.framework */ = {isa = PBXFileReference; lastKnownFileType = wrapper.framework; name = OpenAL.framework; path = System/Library/Frameworks/OpenAL.framework; sourceTree = SDKROOT; };
		4A066280147E4685000E5574 /* libz.1.2.5.dylib */ = {isa = PBXFileReference; lastKnownFileType = "compiled.mach-o.dylib"; name = libz.1.2.5.dylib; path = usr/lib/libz.1.2.5.dylib; sourceTree = SDKROOT; };
		4A0C626D14C55EC800D37710 /* HSSceneManager.h */ = {isa = PBXFileReference; fileEncoding = 4; lastKnownFileType = sourcecode.c.h; path = HSSceneManager.h; sourceTree = "<group>"; };
		4A0C626E14C55EC800D37710 /* HSSceneManager.m */ = {isa = PBXFileReference; fileEncoding = 4; lastKnownFileType = sourcecode.c.objc; path = HSSceneManager.m; sourceTree = "<group>"; };
		4A1E46B516E83ABA001C288E /* HSActorDescriptionManager.h */ = {isa = PBXFileReference; fileEncoding = 4; lastKnownFileType = sourcecode.c.h; path = HSActorDescriptionManager.h; sourceTree = "<group>"; };
		4A1E46B616E83ABA001C288E /* HSActorDescriptionManager.m */ = {isa = PBXFileReference; fileEncoding = 4; lastKnownFileType = sourcecode.c.objc; path = HSActorDescriptionManager.m; sourceTree = "<group>"; };
		4A1E46B816E8899D001C288E /* HSActorLocomotive.h */ = {isa = PBXFileReference; fileEncoding = 4; lastKnownFileType = sourcecode.c.h; path = HSActorLocomotive.h; sourceTree = "<group>"; };
		4A1E46B916E8899D001C288E /* HSActorLocomotive.mm */ = {isa = PBXFileReference; fileEncoding = 4; lastKnownFileType = sourcecode.cpp.objcpp; path = HSActorLocomotive.mm; sourceTree = "<group>"; };
		4A2CF1D81520128C007CEEAD /* TPool.h */ = {isa = PBXFileReference; fileEncoding = 4; lastKnownFileType = sourcecode.c.h; path = TPool.h; sourceTree = "<group>"; };
		4A2CF1D91520128C007CEEAD /* TPool.m */ = {isa = PBXFileReference; fileEncoding = 4; lastKnownFileType = sourcecode.c.objc; path = TPool.m; sourceTree = "<group>"; };
		4A33176F1519778600A77096 /* HSMapEngine.h */ = {isa = PBXFileReference; fileEncoding = 4; lastKnownFileType = sourcecode.c.h; path = HSMapEngine.h; sourceTree = "<group>"; };
		4A3317701519778600A77096 /* HSMapEngine.mm */ = {isa = PBXFileReference; fileEncoding = 4; lastKnownFileType = sourcecode.cpp.objcpp; path = HSMapEngine.mm; sourceTree = "<group>"; };
		4A6E7AE516E8C40100C53C9D /* terrain1.json */ = {isa = PBXFileReference; fileEncoding = 4; lastKnownFileType = text.json; path = terrain1.json; sourceTree = "<group>"; };
		4A94D6C716E6DD1C006A0C0A /* testCar.json */ = {isa = PBXFileReference; fileEncoding = 4; lastKnownFileType = text.json; path = testCar.json; sourceTree = "<group>"; };
		4A94D70116E73A8B006A0C0A /* b2BodyList.h */ = {isa = PBXFileReference; fileEncoding = 4; lastKnownFileType = sourcecode.c.h; path = b2BodyList.h; sourceTree = "<group>"; };
		4A94D70216E73A8B006A0C0A /* b2BodyList.mm */ = {isa = PBXFileReference; fileEncoding = 4; lastKnownFileType = sourcecode.cpp.objcpp; path = b2BodyList.mm; sourceTree = "<group>"; };
		4A9867D216E44D9600F3797D /* ImageIO.framework */ = {isa = PBXFileReference; lastKnownFileType = wrapper.framework; name = ImageIO.framework; path = System/Library/Frameworks/ImageIO.framework; sourceTree = SDKROOT; };
		4A9867D416E44DAC00F3797D /* MapKit.framework */ = {isa = PBXFileReference; lastKnownFileType = wrapper.framework; name = MapKit.framework; path = System/Library/Frameworks/MapKit.framework; sourceTree = SDKROOT; };
		4A9B28FF1505AF66003384A0 /* HSMainLayer.h */ = {isa = PBXFileReference; fileEncoding = 4; lastKnownFileType = sourcecode.c.h; path = HSMainLayer.h; sourceTree = "<group>"; };
		4A9B29001505AF66003384A0 /* HSMainLayer.mm */ = {isa = PBXFileReference; fileEncoding = 4; lastKnownFileType = sourcecode.cpp.objcpp; path = HSMainLayer.mm; sourceTree = "<group>"; };
		4AA333A516E5F75E00747D38 /* HSDynamicTreeManager.h */ = {isa = PBXFileReference; fileEncoding = 4; lastKnownFileType = sourcecode.c.h; path = HSDynamicTreeManager.h; sourceTree = "<group>"; };
		4AA333A616E5F75E00747D38 /* HSDynamicTreeManager.mm */ = {isa = PBXFileReference; fileEncoding = 4; lastKnownFileType = sourcecode.cpp.objcpp; path = HSDynamicTreeManager.mm; sourceTree = "<group>"; };
		4AA3356816E6253B00747D38 /* HSActorBase.h */ = {isa = PBXFileReference; fileEncoding = 4; lastKnownFileType = sourcecode.c.h; path = HSActorBase.h; sourceTree = "<group>"; };
		4AA3356916E6253B00747D38 /* HSActorBase.mm */ = {isa = PBXFileReference; fileEncoding = 4; lastKnownFileType = sourcecode.cpp.objcpp; path = HSActorBase.mm; sourceTree = "<group>"; };
		4AACC6E6152AE3E9003A0751 /* CFNetwork.framework */ = {isa = PBXFileReference; lastKnownFileType = wrapper.framework; name = CFNetwork.framework; path = System/Library/Frameworks/CFNetwork.framework; sourceTree = SDKROOT; };
		4AACC6E8152AE417003A0751 /* MobileCoreServices.framework */ = {isa = PBXFileReference; lastKnownFileType = wrapper.framework; name = MobileCoreServices.framework; path = System/Library/Frameworks/MobileCoreServices.framework; sourceTree = SDKROOT; };
		4AACC6EA152AE42C003A0751 /* SystemConfiguration.framework */ = {isa = PBXFileReference; lastKnownFileType = wrapper.framework; name = SystemConfiguration.framework; path = System/Library/Frameworks/SystemConfiguration.framework; sourceTree = SDKROOT; };
		4AACC6EC152AE461003A0751 /* libxml2.dylib */ = {isa = PBXFileReference; lastKnownFileType = "compiled.mach-o.dylib"; name = libxml2.dylib; path = usr/lib/libxml2.dylib; sourceTree = SDKROOT; };
		4AB3C799151C2769005C7664 /* GLES-Render.h */ = {isa = PBXFileReference; fileEncoding = 4; lastKnownFileType = sourcecode.c.h; path = "GLES-Render.h"; sourceTree = "<group>"; };
		4AB3C79A151C2769005C7664 /* GLES-Render.mm */ = {isa = PBXFileReference; fileEncoding = 4; lastKnownFileType = sourcecode.cpp.objcpp; path = "GLES-Render.mm"; sourceTree = "<group>"; };
		4AB3C7C3151C493A005C7664 /* Default.png */ = {isa = PBXFileReference; lastKnownFileType = image.png; path = Default.png; sourceTree = "<group>"; };
		4AB3C7D7151C493A005C7664 /* fps_images-hd.png */ = {isa = PBXFileReference; lastKnownFileType = image.png; path = "fps_images-hd.png"; sourceTree = "<group>"; };
		4AB3C7D8151C493A005C7664 /* fps_images-ipadhd.png */ = {isa = PBXFileReference; lastKnownFileType = image.png; path = "fps_images-ipadhd.png"; sourceTree = "<group>"; };
		4AB3C7D9151C493A005C7664 /* fps_images.GlyphProject */ = {isa = PBXFileReference; lastKnownFileType = file.bplist; path = fps_images.GlyphProject; sourceTree = "<group>"; };
		4AB3C7DA151C493A005C7664 /* fps_images.png */ = {isa = PBXFileReference; lastKnownFileType = image.png; path = fps_images.png; sourceTree = "<group>"; };
		4AB3C7F2151C493A005C7664 /* Icon-72.png */ = {isa = PBXFileReference; lastKnownFileType = image.png; path = "Icon-72.png"; sourceTree = "<group>"; };
		4AB3C7F3151C493A005C7664 /* Icon-Small-50.png */ = {isa = PBXFileReference; lastKnownFileType = image.png; path = "Icon-Small-50.png"; sourceTree = "<group>"; };
		4AB3C7F4151C493A005C7664 /* Icon-Small.png */ = {isa = PBXFileReference; lastKnownFileType = image.png; path = "Icon-Small.png"; sourceTree = "<group>"; };
		4AB3C7F5151C493A005C7664 /* Icon-Small@2x.png */ = {isa = PBXFileReference; lastKnownFileType = image.png; path = "Icon-Small@2x.png"; sourceTree = "<group>"; };
		4AB3C7F6151C493A005C7664 /* Icon.png */ = {isa = PBXFileReference; lastKnownFileType = image.png; path = Icon.png; sourceTree = "<group>"; };
		4AB3C7F7151C493A005C7664 /* Icon@2x.png */ = {isa = PBXFileReference; lastKnownFileType = image.png; path = "Icon@2x.png"; sourceTree = "<group>"; };
		4AB3C8D5151C493B005C7664 /* iTunesArtwork */ = {isa = PBXFileReference; lastKnownFileType = file; path = iTunesArtwork; sourceTree = "<group>"; };
		4ABAB6021515DE69003EA61A /* HSActorManager.h */ = {isa = PBXFileReference; fileEncoding = 4; lastKnownFileType = sourcecode.c.h; path = HSActorManager.h; sourceTree = "<group>"; };
		4ABAB6031515DE69003EA61A /* HSActorManager.mm */ = {isa = PBXFileReference; fileEncoding = 4; lastKnownFileType = sourcecode.cpp.objcpp; path = HSActorManager.mm; sourceTree = "<group>"; };
		4AC62889151864FA00BB45FB /* HSActorController.h */ = {isa = PBXFileReference; fileEncoding = 4; lastKnownFileType = sourcecode.c.h; path = HSActorController.h; sourceTree = "<group>"; };
		4AC6288A151864FB00BB45FB /* HSActorController.mm */ = {isa = PBXFileReference; fileEncoding = 4; lastKnownFileType = sourcecode.cpp.objcpp; path = HSActorController.mm; sourceTree = "<group>"; };
		4AC6289615186A0500BB45FB /* HSWorldManager.h */ = {isa = PBXFileReference; fileEncoding = 4; lastKnownFileType = sourcecode.c.h; path = HSWorldManager.h; sourceTree = "<group>"; };
		4AC6289715186A0500BB45FB /* HSWorldManager.mm */ = {isa = PBXFileReference; fileEncoding = 4; lastKnownFileType = sourcecode.cpp.objcpp; path = HSWorldManager.mm; sourceTree = "<group>"; };
		4AC7549D16B0F73B003EE5D4 /* liblibOpen.a */ = {isa = PBXFileReference; lastKnownFileType = archive.ar; name = liblibOpen.a; path = "../libOpen/build/Release-iphoneos/liblibOpen.a"; sourceTree = "<group>"; };
		4AC7549F16B0F73F003EE5D4 /* libcocos2d.a */ = {isa = PBXFileReference; lastKnownFileType = archive.ar; name = libcocos2d.a; path = "../libCocos2D/build/Release-iphoneos/libcocos2d.a"; sourceTree = "<group>"; };
		4AC7AFD4147CDD4200E00C93 /* House.app */ = {isa = PBXFileReference; explicitFileType = wrapper.application; includeInIndex = 0; path = House.app; sourceTree = BUILT_PRODUCTS_DIR; };
		4AC7AFD8147CDD4200E00C93 /* UIKit.framework */ = {isa = PBXFileReference; lastKnownFileType = wrapper.framework; name = UIKit.framework; path = System/Library/Frameworks/UIKit.framework; sourceTree = SDKROOT; };
		4AC7AFDA147CDD4200E00C93 /* Foundation.framework */ = {isa = PBXFileReference; lastKnownFileType = wrapper.framework; name = Foundation.framework; path = System/Library/Frameworks/Foundation.framework; sourceTree = SDKROOT; };
		4AC7AFDC147CDD4200E00C93 /* CoreGraphics.framework */ = {isa = PBXFileReference; lastKnownFileType = wrapper.framework; name = CoreGraphics.framework; path = System/Library/Frameworks/CoreGraphics.framework; sourceTree = SDKROOT; };
		4AC7AFDE147CDD4200E00C93 /* CoreData.framework */ = {isa = PBXFileReference; lastKnownFileType = wrapper.framework; name = CoreData.framework; path = System/Library/Frameworks/CoreData.framework; sourceTree = SDKROOT; };
		4AC7AFE2147CDD4200E00C93 /* House-Info.plist */ = {isa = PBXFileReference; lastKnownFileType = text.plist.xml; path = "House-Info.plist"; sourceTree = "<group>"; };
		4AC7AFE4147CDD4200E00C93 /* en */ = {isa = PBXFileReference; lastKnownFileType = text.plist.strings; name = en; path = en.lproj/InfoPlist.strings; sourceTree = "<group>"; };
		4AC7AFE6147CDD4200E00C93 /* main.m */ = {isa = PBXFileReference; lastKnownFileType = sourcecode.c.objc; path = main.m; sourceTree = "<group>"; };
		4AC7AFE8147CDD4200E00C93 /* House-Prefix.pch */ = {isa = PBXFileReference; lastKnownFileType = sourcecode.c.h; path = "House-Prefix.pch"; sourceTree = "<group>"; };
		4AC7B021147CDF4500E00C93 /* cocos2DAppDelegate.h */ = {isa = PBXFileReference; fileEncoding = 4; lastKnownFileType = sourcecode.c.h; path = cocos2DAppDelegate.h; sourceTree = "<group>"; };
		4AC7B022147CDF4500E00C93 /* cocos2DAppDelegate.m */ = {isa = PBXFileReference; fileEncoding = 4; lastKnownFileType = sourcecode.c.objc; path = cocos2DAppDelegate.m; sourceTree = "<group>"; };
		4AF3D69C151036D7009BB2EC /* TIntList.h */ = {isa = PBXFileReference; fileEncoding = 4; lastKnownFileType = sourcecode.c.h; path = TIntList.h; sourceTree = "<group>"; };
		4AF3D69D151036D7009BB2EC /* TIntList.m */ = {isa = PBXFileReference; fileEncoding = 4; lastKnownFileType = sourcecode.c.objc; path = TIntList.m; sourceTree = "<group>"; };
		4AF3D6A2151039E1009BB2EC /* TSimpleList.h */ = {isa = PBXFileReference; fileEncoding = 4; lastKnownFileType = sourcecode.c.h; path = TSimpleList.h; sourceTree = "<group>"; };
		4AF3D6A3151039E1009BB2EC /* TSimpleList.m */ = {isa = PBXFileReference; fileEncoding = 4; lastKnownFileType = sourcecode.c.objc; path = TSimpleList.m; sourceTree = "<group>"; };
		4AF3D6B015103BF3009BB2EC /* TFloatList.h */ = {isa = PBXFileReference; fileEncoding = 4; lastKnownFileType = sourcecode.c.h; path = TFloatList.h; sourceTree = "<group>"; };
		4AF3D6B115103BF3009BB2EC /* TFloatList.m */ = {isa = PBXFileReference; fileEncoding = 4; lastKnownFileType = sourcecode.c.objc; path = TFloatList.m; sourceTree = "<group>"; };
		4AF3D6B315103E1F009BB2EC /* Tb2VecList.h */ = {isa = PBXFileReference; fileEncoding = 4; lastKnownFileType = sourcecode.c.h; path = Tb2VecList.h; sourceTree = "<group>"; };
		4AF3D6B415103E1F009BB2EC /* Tb2VecList.mm */ = {isa = PBXFileReference; fileEncoding = 4; lastKnownFileType = sourcecode.cpp.objcpp; path = Tb2VecList.mm; sourceTree = "<group>"; };
		4AF3D6B81510824B009BB2EC /* b2JointList.h */ = {isa = PBXFileReference; fileEncoding = 4; lastKnownFileType = sourcecode.c.h; path = b2JointList.h; sourceTree = "<group>"; };
		4AF3D6B91510824B009BB2EC /* b2JointList.mm */ = {isa = PBXFileReference; fileEncoding = 4; lastKnownFileType = sourcecode.cpp.objcpp; path = b2JointList.mm; sourceTree = "<group>"; };
		4AF55940152D53FA00B70099 /* land1.plist */ = {isa = PBXFileReference; fileEncoding = 4; lastKnownFileType = text.plist.xml; path = land1.plist; sourceTree = "<group>"; };
		4AF55941152D53FA00B70099 /* land1.png */ = {isa = PBXFileReference; lastKnownFileType = image.png; path = land1.png; sourceTree = "<group>"; };
		4AF55944152D545D00B70099 /* tree1.plist */ = {isa = PBXFileReference; fileEncoding = 4; lastKnownFileType = text.plist.xml; path = tree1.plist; sourceTree = "<group>"; };
		4AF55945152D545D00B70099 /* tree1.png */ = {isa = PBXFileReference; lastKnownFileType = image.png; path = tree1.png; sourceTree = "<group>"; };
		4AF55948152D54DC00B70099 /* car1.plist */ = {isa = PBXFileReference; fileEncoding = 4; lastKnownFileType = text.plist.xml; path = car1.plist; sourceTree = "<group>"; };
		4AF55949152D54DC00B70099 /* car1.png */ = {isa = PBXFileReference; lastKnownFileType = image.png; path = car1.png; sourceTree = "<group>"; };
		4AF5594C152D54FD00B70099 /* sky1.plist */ = {isa = PBXFileReference; fileEncoding = 4; lastKnownFileType = text.plist.xml; path = sky1.plist; sourceTree = "<group>"; };
		4AF5594D152D54FD00B70099 /* sky1.png */ = {isa = PBXFileReference; lastKnownFileType = image.png; path = sky1.png; sourceTree = "<group>"; };
		4AF55950152D5EC700B70099 /* bone1.plist */ = {isa = PBXFileReference; fileEncoding = 4; lastKnownFileType = text.plist.xml; path = bone1.plist; sourceTree = "<group>"; };
		4AF55951152D5EC700B70099 /* bone1.png */ = {isa = PBXFileReference; lastKnownFileType = image.png; path = bone1.png; sourceTree = "<group>"; };
		4AF55954152D650B00B70099 /* bg1.plist */ = {isa = PBXFileReference; fileEncoding = 4; lastKnownFileType = text.plist.xml; path = bg1.plist; sourceTree = "<group>"; };
		4AF55955152D650B00B70099 /* bg1.png */ = {isa = PBXFileReference; lastKnownFileType = image.png; path = bg1.png; sourceTree = "<group>"; };
		4AFD1210152E9EF900E6246D /* person.json */ = {isa = PBXFileReference; fileEncoding = 4; lastKnownFileType = text.json; path = person.json; sourceTree = "<group>"; };
/* End PBXFileReference section */

/* Begin PBXFrameworksBuildPhase section */
		4AC7AFD1147CDD4200E00C93 /* Frameworks */ = {
			isa = PBXFrameworksBuildPhase;
			buildActionMask = 2147483647;
			files = (
				4AACC6E7152AE3E9003A0751 /* CFNetwork.framework in Frameworks */,
				4A9867D516E44DAC00F3797D /* MapKit.framework in Frameworks */,
				4A9867D316E44D9600F3797D /* ImageIO.framework in Frameworks */,
				4A94D70416E76B72006A0C0A /* libcocos2d.a in Frameworks */,
				4A94D70516E76B83006A0C0A /* liblibOpen.a in Frameworks */,
				4AACC6ED152AE461003A0751 /* libxml2.dylib in Frameworks */,
				4AACC6EB152AE42C003A0751 /* SystemConfiguration.framework in Frameworks */,
				4AACC6E9152AE417003A0751 /* MobileCoreServices.framework in Frameworks */,
				4A066281147E4685000E5574 /* libz.1.2.5.dylib in Frameworks */,
				4A066276147E4587000E5574 /* OpenAL.framework in Frameworks */,
				4A066274147E4581000E5574 /* AudioToolbox.framework in Frameworks */,
				4A066272147E456F000E5574 /* QuartzCore.framework in Frameworks */,
				4A0660E3147E44A9000E5574 /* OpenGLES.framework in Frameworks */,
				4AC7AFD9147CDD4200E00C93 /* UIKit.framework in Frameworks */,
				4AC7AFDB147CDD4200E00C93 /* Foundation.framework in Frameworks */,
				4AC7AFDD147CDD4200E00C93 /* CoreGraphics.framework in Frameworks */,
				4AC7AFDF147CDD4200E00C93 /* CoreData.framework in Frameworks */,
			);
			runOnlyForDeploymentPostprocessing = 0;
		};
/* End PBXFrameworksBuildPhase section */

/* Begin PBXGroup section */
		4A02584216E2329100788826 /* Products */ = {
			isa = PBXGroup;
			children = (
				4A02587C16E2329300788826 /* libbuild all tests.a */,
				4A02587E16E2329300788826 /* libbox2d.a */,
				4A02588016E2329300788826 /* libChipmunk.a */,
				4A02588216E2329300788826 /* libcocos2d.a */,
				4A02588416E2329300788826 /* libcocos2d-documentation.a */,
				4A02588616E2329300788826 /* libCocosDenshion.a */,
				4A02588816E2329300788826 /* libkazmath.a */,
				4A02588A16E2329300788826 /* liblibpng.a */,
				4A02588C16E2329300788826 /* ActionManagerTest.app */,
				4A02588E16E2329300788826 /* ActionsTest.app */,
				4A02589016E2329300788826 /* ActionsWithBlocksSample.app */,
				4A02589216E2329300788826 /* AttachTest.app */,
				4A02589416E2329300788826 /* Box2dAccelTouchTest.app */,
				4A02589616E2329300788826 /* Box2dTestBed.app */,
				4A02589816E2329300788826 /* ChipmunkAccelTouchTest.app */,
				4A02589A16E2329300788826 /* ClickAndMoveTest.app */,
				4A02589C16E2329300788826 /* CocosDenshion - Tom The Turret.app */,
				4A02589E16E2329300788826 /* CocosDenshion - Drum Pad.app */,
				4A0258A016E2329300788826 /* CocosDenshion - Fade To Grey.app */,
				4A0258A216E2329300788826 /* CocosDenshion - FancyRat Metering Demo.app */,
				4A0258A416E2329300788826 /* DirectorTest.app */,
				4A0258A616E2329300788826 /* drawPrimitivesTest.app */,
				4A0258A816E2329300788826 /* EAGLViewTest.app */,
				4A0258AA16E2329300788826 /* ActionsEaseTest.app */,
				4A0258AC16E2329300788826 /* EffectsTest.app */,
				4A0258AE16E2329300788826 /* EffectsAdvancedTest.app */,
				4A0258B016E2329300788826 /* FontTest.app */,
				4A0258B216E2329300788826 /* IntervalTest.app */,
				4A0258B416E2329300788826 /* LabelTest.app */,
				4A0258B616E2329300788826 /* LayerTest.app */,
				4A0258B816E2329300788826 /* MenuTest.app */,
				4A0258BA16E2329300788826 /* MotionStreakTest.app */,
				4A0258BC16E2329300788826 /* cocosnodeTest.app */,
				4A0258BE16E2329300788826 /* ParallaxTest.app */,
				4A0258C016E2329300788826 /* ParticleTest.app */,
				4A0258C216E2329300788826 /* ActionsProgressTest.app */,
				4A0258C416E2329300788826 /* RenderTextureTest.app */,
				4A0258C616E2329300788826 /* RotateWorldTest.app */,
				4A0258C816E2329300788826 /* SceneTest.app */,
				4A0258CA16E2329300788826 /* SchedulerTest.app */,
				4A0258CC16E2329300788826 /* ShaderTest.app */,
				4A0258CE16E2329300788826 /* SpriteTest.app */,
				4A0258D016E2329300788826 /* Texture2dTest.app */,
				4A0258D216E2329300788826 /* TileMapTest.app */,
				4A0258D416E2329300788826 /* TouchesTest.app */,
				4A0258D616E2329300788826 /* TransitionsTest.app */,
				4A0258D816E2329300788826 /* ZwoptexTest.app */,
				4A0258DA16E2329300788826 /* Bug350.app */,
				4A0258DC16E2329300788826 /* Bug422.app */,
				4A0258DE16E2329300788826 /* Bug458.app */,
				4A0258E016E2329300788826 /* Bug624.app */,
				4A0258E216E2329300788826 /* Bug886.app */,
				4A0258E416E2329300788826 /* Bug899.app */,
				4A0258E616E2329300788826 /* Bug914.app */,
				4A0258E816E2329300788826 /* Bug1159.app */,
			);
			name = Products;
			sourceTree = "<group>";
		};
		4A0258EA16E2329900788826 /* Products */ = {
			isa = PBXGroup;
			children = (
				4A0258EE16E2329A00788826 /* liblibOpen.a */,
			);
			name = Products;
			sourceTree = "<group>";
		};
		4A11018814C56C5800F3B736 /* Resources */ = {
			isa = PBXGroup;
			children = (
				4A1E46B416E83354001C288E /* descriptions */,
				4AFD120D152E9ECB00E6246D /* pose */,
				4AC67BE8152A9DD500174655 /* image */,
				4AB3C79C151C4928005C7664 /* cocos2d */,
			);
			name = Resources;
			path = House;
			sourceTree = "<group>";
		};
		4A1E46B416E83354001C288E /* descriptions */ = {
			isa = PBXGroup;
			children = (
				4A6E7AE516E8C40100C53C9D /* terrain1.json */,
				4A94D6C716E6DD1C006A0C0A /* testCar.json */,
			);
			name = descriptions;
			sourceTree = "<group>";
		};
		4A242000150F0CD500B32B82 /* Actors */ = {
			isa = PBXGroup;
			children = (
				4AC62889151864FA00BB45FB /* HSActorController.h */,
				4AC6288A151864FB00BB45FB /* HSActorController.mm */,
				4ABAB6021515DE69003EA61A /* HSActorManager.h */,
				4ABAB6031515DE69003EA61A /* HSActorManager.mm */,
				4AA3356816E6253B00747D38 /* HSActorBase.h */,
				4AA3356916E6253B00747D38 /* HSActorBase.mm */,
				4A1E46B516E83ABA001C288E /* HSActorDescriptionManager.h */,
				4A1E46B616E83ABA001C288E /* HSActorDescriptionManager.m */,
				4A1E46B816E8899D001C288E /* HSActorLocomotive.h */,
				4A1E46B916E8899D001C288E /* HSActorLocomotive.mm */,
			);
			name = Actors;
			sourceTree = "<group>";
		};
		4AB3C79C151C4928005C7664 /* cocos2d */ = {
			isa = PBXGroup;
			children = (
				4AB3C79D151C493A005C7664 /* Resources */,
			);
			name = cocos2d;
			sourceTree = "<group>";
		};
		4AB3C79D151C493A005C7664 /* Resources */ = {
			isa = PBXGroup;
			children = (
				4AB3C7C3151C493A005C7664 /* Default.png */,
				4AB3C7C4151C493A005C7664 /* Fonts */,
				4AB3C7F2151C493A005C7664 /* Icon-72.png */,
				4AB3C7F3151C493A005C7664 /* Icon-Small-50.png */,
				4AB3C7F4151C493A005C7664 /* Icon-Small.png */,
				4AB3C7F5151C493A005C7664 /* Icon-Small@2x.png */,
				4AB3C7F6151C493A005C7664 /* Icon.png */,
				4AB3C7F7151C493A005C7664 /* Icon@2x.png */,
				4AB3C8D5151C493B005C7664 /* iTunesArtwork */,
			);
			path = Resources;
			sourceTree = "<group>";
		};
		4AB3C7C4151C493A005C7664 /* Fonts */ = {
			isa = PBXGroup;
			children = (
				4AB3C7D7151C493A005C7664 /* fps_images-hd.png */,
				4AB3C7D8151C493A005C7664 /* fps_images-ipadhd.png */,
				4AB3C7D9151C493A005C7664 /* fps_images.GlyphProject */,
				4AB3C7DA151C493A005C7664 /* fps_images.png */,
			);
			path = Fonts;
			sourceTree = "<group>";
		};
		4AC219CB14EA48E300F0CB4F /* Utils */ = {
			isa = PBXGroup;
			children = (
				4AF3D6B315103E1F009BB2EC /* Tb2VecList.h */,
				4AF3D6B415103E1F009BB2EC /* Tb2VecList.mm */,
				4AF3D69C151036D7009BB2EC /* TIntList.h */,
				4AF3D69D151036D7009BB2EC /* TIntList.m */,
				4AF3D6B015103BF3009BB2EC /* TFloatList.h */,
				4AF3D6B115103BF3009BB2EC /* TFloatList.m */,
				4AF3D6A2151039E1009BB2EC /* TSimpleList.h */,
				4AF3D6A3151039E1009BB2EC /* TSimpleList.m */,
				4AF3D6B81510824B009BB2EC /* b2JointList.h */,
				4AF3D6B91510824B009BB2EC /* b2JointList.mm */,
				4A94D70116E73A8B006A0C0A /* b2BodyList.h */,
				4A94D70216E73A8B006A0C0A /* b2BodyList.mm */,
				4A2CF1D81520128C007CEEAD /* TPool.h */,
				4A2CF1D91520128C007CEEAD /* TPool.m */,
			);
			name = Utils;
			sourceTree = "<group>";
		};
		4AC67BE8152A9DD500174655 /* image */ = {
			isa = PBXGroup;
			children = (
				4AF55950152D5EC700B70099 /* bone1.plist */,
				4AF55951152D5EC700B70099 /* bone1.png */,
				4AF55954152D650B00B70099 /* bg1.plist */,
				4AF55955152D650B00B70099 /* bg1.png */,
				4AF5594C152D54FD00B70099 /* sky1.plist */,
				4AF5594D152D54FD00B70099 /* sky1.png */,
				4AF55944152D545D00B70099 /* tree1.plist */,
				4AF55945152D545D00B70099 /* tree1.png */,
				4AF55940152D53FA00B70099 /* land1.plist */,
				4AF55941152D53FA00B70099 /* land1.png */,
				4AF55948152D54DC00B70099 /* car1.plist */,
				4AF55949152D54DC00B70099 /* car1.png */,
			);
			name = image;
			sourceTree = "<group>";
		};
		4AC7AFC9147CDD4200E00C93 = {
			isa = PBXGroup;
			children = (
				4AC7AFE0147CDD4200E00C93 /* House */,
				4A11018814C56C5800F3B736 /* Resources */,
				4AC7AFD7147CDD4200E00C93 /* Frameworks */,
				4AC7AFD5147CDD4200E00C93 /* Products */,
				4A0258E916E2329900788826 /* libOpen.xcodeproj */,
				4A02584116E2329100788826 /* cocos2d-ios.xcodeproj */,
			);
			sourceTree = "<group>";
		};
		4AC7AFD5147CDD4200E00C93 /* Products */ = {
			isa = PBXGroup;
			children = (
				4AC7AFD4147CDD4200E00C93 /* House.app */,
			);
			name = Products;
			sourceTree = "<group>";
		};
		4AC7AFD7147CDD4200E00C93 /* Frameworks */ = {
			isa = PBXGroup;
			children = (
				4AC7549F16B0F73F003EE5D4 /* libcocos2d.a */,
				4AC7549D16B0F73B003EE5D4 /* liblibOpen.a */,
				4A9867D416E44DAC00F3797D /* MapKit.framework */,
				4A9867D216E44D9600F3797D /* ImageIO.framework */,
				4AACC6EA152AE42C003A0751 /* SystemConfiguration.framework */,
				4AACC6E8152AE417003A0751 /* MobileCoreServices.framework */,
				4AACC6E6152AE3E9003A0751 /* CFNetwork.framework */,
				4AB3C799151C2769005C7664 /* GLES-Render.h */,
				4AB3C79A151C2769005C7664 /* GLES-Render.mm */,
				4A066280147E4685000E5574 /* libz.1.2.5.dylib */,
				4AACC6EC152AE461003A0751 /* libxml2.dylib */,
				4A066275147E4587000E5574 /* OpenAL.framework */,
				4A066273147E4581000E5574 /* AudioToolbox.framework */,
				4A066271147E456F000E5574 /* QuartzCore.framework */,
				4A0660E2147E44A9000E5574 /* OpenGLES.framework */,
				4AC7AFD8147CDD4200E00C93 /* UIKit.framework */,
				4AC7AFDA147CDD4200E00C93 /* Foundation.framework */,
				4AC7AFDC147CDD4200E00C93 /* CoreGraphics.framework */,
				4AC7AFDE147CDD4200E00C93 /* CoreData.framework */,
			);
			name = Frameworks;
			sourceTree = "<group>";
		};
		4AC7AFE0147CDD4200E00C93 /* House */ = {
			isa = PBXGroup;
			children = (
				4A242000150F0CD500B32B82 /* Actors */,
				4AC219CB14EA48E300F0CB4F /* Utils */,
				4ADEC07B14E50E3400D00A9B /* Base */,
				4AC7AFE1147CDD4200E00C93 /* Supporting Files */,
			);
			path = House;
			sourceTree = "<group>";
		};
		4AC7AFE1147CDD4200E00C93 /* Supporting Files */ = {
			isa = PBXGroup;
			children = (
				4AC7AFE2147CDD4200E00C93 /* House-Info.plist */,
				4AC7AFE3147CDD4200E00C93 /* InfoPlist.strings */,
				4AC7AFE6147CDD4200E00C93 /* main.m */,
				4AC7AFE8147CDD4200E00C93 /* House-Prefix.pch */,
				4AC7B021147CDF4500E00C93 /* cocos2DAppDelegate.h */,
				4AC7B022147CDF4500E00C93 /* cocos2DAppDelegate.m */,
			);
			name = "Supporting Files";
			sourceTree = "<group>";
		};
		4ADEC07B14E50E3400D00A9B /* Base */ = {
			isa = PBXGroup;
			children = (
				4A33176F1519778600A77096 /* HSMapEngine.h */,
				4A3317701519778600A77096 /* HSMapEngine.mm */,
				4AC6289615186A0500BB45FB /* HSWorldManager.h */,
				4AC6289715186A0500BB45FB /* HSWorldManager.mm */,
				4A0C626D14C55EC800D37710 /* HSSceneManager.h */,
				4A0C626E14C55EC800D37710 /* HSSceneManager.m */,
				4A9B28FF1505AF66003384A0 /* HSMainLayer.h */,
				4A9B29001505AF66003384A0 /* HSMainLayer.mm */,
				4AA333A516E5F75E00747D38 /* HSDynamicTreeManager.h */,
				4AA333A616E5F75E00747D38 /* HSDynamicTreeManager.mm */,
			);
			name = Base;
			sourceTree = "<group>";
		};
		4AFD120D152E9ECB00E6246D /* pose */ = {
			isa = PBXGroup;
			children = (
				4AFD1210152E9EF900E6246D /* person.json */,
			);
			name = pose;
			sourceTree = "<group>";
		};
/* End PBXGroup section */

/* Begin PBXNativeTarget section */
		4AC7AFD3147CDD4200E00C93 /* House */ = {
			isa = PBXNativeTarget;
			buildConfigurationList = 4AC7B007147CDD4200E00C93 /* Build configuration list for PBXNativeTarget "House" */;
			buildPhases = (
				4AC7AFD0147CDD4200E00C93 /* Sources */,
				4AC7AFD1147CDD4200E00C93 /* Frameworks */,
				4AC7AFD2147CDD4200E00C93 /* Resources */,
			);
			buildRules = (
			);
			dependencies = (
			);
			name = House;
			productName = House;
			productReference = 4AC7AFD4147CDD4200E00C93 /* House.app */;
			productType = "com.apple.product-type.application";
		};
/* End PBXNativeTarget section */

/* Begin PBXProject section */
		4AC7AFCB147CDD4200E00C93 /* Project object */ = {
			isa = PBXProject;
			attributes = {
				LastUpgradeCheck = 0430;
			};
			buildConfigurationList = 4AC7AFCE147CDD4200E00C93 /* Build configuration list for PBXProject "House" */;
			compatibilityVersion = "Xcode 3.2";
			developmentRegion = English;
			hasScannedForEncodings = 0;
			knownRegions = (
				en,
				English,
			);
			mainGroup = 4AC7AFC9147CDD4200E00C93;
			productRefGroup = 4AC7AFD5147CDD4200E00C93 /* Products */;
			projectDirPath = "";
			projectReferences = (
				{
					ProductGroup = 4A02584216E2329100788826 /* Products */;
					ProjectRef = 4A02584116E2329100788826 /* cocos2d-ios.xcodeproj */;
				},
				{
					ProductGroup = 4A0258EA16E2329900788826 /* Products */;
					ProjectRef = 4A0258E916E2329900788826 /* libOpen.xcodeproj */;
				},
			);
			projectRoot = "";
			targets = (
				4AC7AFD3147CDD4200E00C93 /* House */,
			);
		};
/* End PBXProject section */

/* Begin PBXReferenceProxy section */
		4A02587C16E2329300788826 /* libbuild all tests.a */ = {
			isa = PBXReferenceProxy;
			fileType = archive.ar;
			path = "libbuild all tests.a";
			remoteRef = 4A02587B16E2329300788826 /* PBXContainerItemProxy */;
			sourceTree = BUILT_PRODUCTS_DIR;
		};
		4A02587E16E2329300788826 /* libbox2d.a */ = {
			isa = PBXReferenceProxy;
			fileType = archive.ar;
			path = libbox2d.a;
			remoteRef = 4A02587D16E2329300788826 /* PBXContainerItemProxy */;
			sourceTree = BUILT_PRODUCTS_DIR;
		};
		4A02588016E2329300788826 /* libChipmunk.a */ = {
			isa = PBXReferenceProxy;
			fileType = archive.ar;
			path = libChipmunk.a;
			remoteRef = 4A02587F16E2329300788826 /* PBXContainerItemProxy */;
			sourceTree = BUILT_PRODUCTS_DIR;
		};
		4A02588216E2329300788826 /* libcocos2d.a */ = {
			isa = PBXReferenceProxy;
			fileType = archive.ar;
			path = libcocos2d.a;
			remoteRef = 4A02588116E2329300788826 /* PBXContainerItemProxy */;
			sourceTree = BUILT_PRODUCTS_DIR;
		};
		4A02588416E2329300788826 /* libcocos2d-documentation.a */ = {
			isa = PBXReferenceProxy;
			fileType = archive.ar;
			path = "libcocos2d-documentation.a";
			remoteRef = 4A02588316E2329300788826 /* PBXContainerItemProxy */;
			sourceTree = BUILT_PRODUCTS_DIR;
		};
		4A02588616E2329300788826 /* libCocosDenshion.a */ = {
			isa = PBXReferenceProxy;
			fileType = archive.ar;
			path = libCocosDenshion.a;
			remoteRef = 4A02588516E2329300788826 /* PBXContainerItemProxy */;
			sourceTree = BUILT_PRODUCTS_DIR;
		};
		4A02588816E2329300788826 /* libkazmath.a */ = {
			isa = PBXReferenceProxy;
			fileType = archive.ar;
			path = libkazmath.a;
			remoteRef = 4A02588716E2329300788826 /* PBXContainerItemProxy */;
			sourceTree = BUILT_PRODUCTS_DIR;
		};
		4A02588A16E2329300788826 /* liblibpng.a */ = {
			isa = PBXReferenceProxy;
			fileType = archive.ar;
			path = liblibpng.a;
			remoteRef = 4A02588916E2329300788826 /* PBXContainerItemProxy */;
			sourceTree = BUILT_PRODUCTS_DIR;
		};
		4A02588C16E2329300788826 /* ActionManagerTest.app */ = {
			isa = PBXReferenceProxy;
			fileType = wrapper.application;
			path = ActionManagerTest.app;
			remoteRef = 4A02588B16E2329300788826 /* PBXContainerItemProxy */;
			sourceTree = BUILT_PRODUCTS_DIR;
		};
		4A02588E16E2329300788826 /* ActionsTest.app */ = {
			isa = PBXReferenceProxy;
			fileType = wrapper.application;
			path = ActionsTest.app;
			remoteRef = 4A02588D16E2329300788826 /* PBXContainerItemProxy */;
			sourceTree = BUILT_PRODUCTS_DIR;
		};
		4A02589016E2329300788826 /* ActionsWithBlocksSample.app */ = {
			isa = PBXReferenceProxy;
			fileType = wrapper.application;
			path = ActionsWithBlocksSample.app;
			remoteRef = 4A02588F16E2329300788826 /* PBXContainerItemProxy */;
			sourceTree = BUILT_PRODUCTS_DIR;
		};
		4A02589216E2329300788826 /* AttachTest.app */ = {
			isa = PBXReferenceProxy;
			fileType = wrapper.application;
			path = AttachTest.app;
			remoteRef = 4A02589116E2329300788826 /* PBXContainerItemProxy */;
			sourceTree = BUILT_PRODUCTS_DIR;
		};
		4A02589416E2329300788826 /* Box2dAccelTouchTest.app */ = {
			isa = PBXReferenceProxy;
			fileType = wrapper.application;
			path = Box2dAccelTouchTest.app;
			remoteRef = 4A02589316E2329300788826 /* PBXContainerItemProxy */;
			sourceTree = BUILT_PRODUCTS_DIR;
		};
		4A02589616E2329300788826 /* Box2dTestBed.app */ = {
			isa = PBXReferenceProxy;
			fileType = wrapper.application;
			path = Box2dTestBed.app;
			remoteRef = 4A02589516E2329300788826 /* PBXContainerItemProxy */;
			sourceTree = BUILT_PRODUCTS_DIR;
		};
		4A02589816E2329300788826 /* ChipmunkAccelTouchTest.app */ = {
			isa = PBXReferenceProxy;
			fileType = wrapper.application;
			path = ChipmunkAccelTouchTest.app;
			remoteRef = 4A02589716E2329300788826 /* PBXContainerItemProxy */;
			sourceTree = BUILT_PRODUCTS_DIR;
		};
		4A02589A16E2329300788826 /* ClickAndMoveTest.app */ = {
			isa = PBXReferenceProxy;
			fileType = wrapper.application;
			path = ClickAndMoveTest.app;
			remoteRef = 4A02589916E2329300788826 /* PBXContainerItemProxy */;
			sourceTree = BUILT_PRODUCTS_DIR;
		};
		4A02589C16E2329300788826 /* CocosDenshion - Tom The Turret.app */ = {
			isa = PBXReferenceProxy;
			fileType = wrapper.application;
			path = "CocosDenshion - Tom The Turret.app";
			remoteRef = 4A02589B16E2329300788826 /* PBXContainerItemProxy */;
			sourceTree = BUILT_PRODUCTS_DIR;
		};
		4A02589E16E2329300788826 /* CocosDenshion - Drum Pad.app */ = {
			isa = PBXReferenceProxy;
			fileType = wrapper.application;
			path = "CocosDenshion - Drum Pad.app";
			remoteRef = 4A02589D16E2329300788826 /* PBXContainerItemProxy */;
			sourceTree = BUILT_PRODUCTS_DIR;
		};
		4A0258A016E2329300788826 /* CocosDenshion - Fade To Grey.app */ = {
			isa = PBXReferenceProxy;
			fileType = wrapper.application;
			path = "CocosDenshion - Fade To Grey.app";
			remoteRef = 4A02589F16E2329300788826 /* PBXContainerItemProxy */;
			sourceTree = BUILT_PRODUCTS_DIR;
		};
		4A0258A216E2329300788826 /* CocosDenshion - FancyRat Metering Demo.app */ = {
			isa = PBXReferenceProxy;
			fileType = wrapper.application;
			path = "CocosDenshion - FancyRat Metering Demo.app";
			remoteRef = 4A0258A116E2329300788826 /* PBXContainerItemProxy */;
			sourceTree = BUILT_PRODUCTS_DIR;
		};
		4A0258A416E2329300788826 /* DirectorTest.app */ = {
			isa = PBXReferenceProxy;
			fileType = wrapper.application;
			path = DirectorTest.app;
			remoteRef = 4A0258A316E2329300788826 /* PBXContainerItemProxy */;
			sourceTree = BUILT_PRODUCTS_DIR;
		};
		4A0258A616E2329300788826 /* drawPrimitivesTest.app */ = {
			isa = PBXReferenceProxy;
			fileType = wrapper.application;
			path = drawPrimitivesTest.app;
			remoteRef = 4A0258A516E2329300788826 /* PBXContainerItemProxy */;
			sourceTree = BUILT_PRODUCTS_DIR;
		};
		4A0258A816E2329300788826 /* EAGLViewTest.app */ = {
			isa = PBXReferenceProxy;
			fileType = wrapper.application;
			path = EAGLViewTest.app;
			remoteRef = 4A0258A716E2329300788826 /* PBXContainerItemProxy */;
			sourceTree = BUILT_PRODUCTS_DIR;
		};
		4A0258AA16E2329300788826 /* ActionsEaseTest.app */ = {
			isa = PBXReferenceProxy;
			fileType = wrapper.application;
			path = ActionsEaseTest.app;
			remoteRef = 4A0258A916E2329300788826 /* PBXContainerItemProxy */;
			sourceTree = BUILT_PRODUCTS_DIR;
		};
		4A0258AC16E2329300788826 /* EffectsTest.app */ = {
			isa = PBXReferenceProxy;
			fileType = wrapper.application;
			path = EffectsTest.app;
			remoteRef = 4A0258AB16E2329300788826 /* PBXContainerItemProxy */;
			sourceTree = BUILT_PRODUCTS_DIR;
		};
		4A0258AE16E2329300788826 /* EffectsAdvancedTest.app */ = {
			isa = PBXReferenceProxy;
			fileType = wrapper.application;
			path = EffectsAdvancedTest.app;
			remoteRef = 4A0258AD16E2329300788826 /* PBXContainerItemProxy */;
			sourceTree = BUILT_PRODUCTS_DIR;
		};
		4A0258B016E2329300788826 /* FontTest.app */ = {
			isa = PBXReferenceProxy;
			fileType = wrapper.application;
			path = FontTest.app;
			remoteRef = 4A0258AF16E2329300788826 /* PBXContainerItemProxy */;
			sourceTree = BUILT_PRODUCTS_DIR;
		};
		4A0258B216E2329300788826 /* IntervalTest.app */ = {
			isa = PBXReferenceProxy;
			fileType = wrapper.application;
			path = IntervalTest.app;
			remoteRef = 4A0258B116E2329300788826 /* PBXContainerItemProxy */;
			sourceTree = BUILT_PRODUCTS_DIR;
		};
		4A0258B416E2329300788826 /* LabelTest.app */ = {
			isa = PBXReferenceProxy;
			fileType = wrapper.application;
			path = LabelTest.app;
			remoteRef = 4A0258B316E2329300788826 /* PBXContainerItemProxy */;
			sourceTree = BUILT_PRODUCTS_DIR;
		};
		4A0258B616E2329300788826 /* LayerTest.app */ = {
			isa = PBXReferenceProxy;
			fileType = wrapper.application;
			path = LayerTest.app;
			remoteRef = 4A0258B516E2329300788826 /* PBXContainerItemProxy */;
			sourceTree = BUILT_PRODUCTS_DIR;
		};
		4A0258B816E2329300788826 /* MenuTest.app */ = {
			isa = PBXReferenceProxy;
			fileType = wrapper.application;
			path = MenuTest.app;
			remoteRef = 4A0258B716E2329300788826 /* PBXContainerItemProxy */;
			sourceTree = BUILT_PRODUCTS_DIR;
		};
		4A0258BA16E2329300788826 /* MotionStreakTest.app */ = {
			isa = PBXReferenceProxy;
			fileType = wrapper.application;
			path = MotionStreakTest.app;
			remoteRef = 4A0258B916E2329300788826 /* PBXContainerItemProxy */;
			sourceTree = BUILT_PRODUCTS_DIR;
		};
		4A0258BC16E2329300788826 /* cocosnodeTest.app */ = {
			isa = PBXReferenceProxy;
			fileType = wrapper.application;
			path = cocosnodeTest.app;
			remoteRef = 4A0258BB16E2329300788826 /* PBXContainerItemProxy */;
			sourceTree = BUILT_PRODUCTS_DIR;
		};
		4A0258BE16E2329300788826 /* ParallaxTest.app */ = {
			isa = PBXReferenceProxy;
			fileType = wrapper.application;
			path = ParallaxTest.app;
			remoteRef = 4A0258BD16E2329300788826 /* PBXContainerItemProxy */;
			sourceTree = BUILT_PRODUCTS_DIR;
		};
		4A0258C016E2329300788826 /* ParticleTest.app */ = {
			isa = PBXReferenceProxy;
			fileType = wrapper.application;
			path = ParticleTest.app;
			remoteRef = 4A0258BF16E2329300788826 /* PBXContainerItemProxy */;
			sourceTree = BUILT_PRODUCTS_DIR;
		};
		4A0258C216E2329300788826 /* ActionsProgressTest.app */ = {
			isa = PBXReferenceProxy;
			fileType = wrapper.application;
			path = ActionsProgressTest.app;
			remoteRef = 4A0258C116E2329300788826 /* PBXContainerItemProxy */;
			sourceTree = BUILT_PRODUCTS_DIR;
		};
		4A0258C416E2329300788826 /* RenderTextureTest.app */ = {
			isa = PBXReferenceProxy;
			fileType = wrapper.application;
			path = RenderTextureTest.app;
			remoteRef = 4A0258C316E2329300788826 /* PBXContainerItemProxy */;
			sourceTree = BUILT_PRODUCTS_DIR;
		};
		4A0258C616E2329300788826 /* RotateWorldTest.app */ = {
			isa = PBXReferenceProxy;
			fileType = wrapper.application;
			path = RotateWorldTest.app;
			remoteRef = 4A0258C516E2329300788826 /* PBXContainerItemProxy */;
			sourceTree = BUILT_PRODUCTS_DIR;
		};
		4A0258C816E2329300788826 /* SceneTest.app */ = {
			isa = PBXReferenceProxy;
			fileType = wrapper.application;
			path = SceneTest.app;
			remoteRef = 4A0258C716E2329300788826 /* PBXContainerItemProxy */;
			sourceTree = BUILT_PRODUCTS_DIR;
		};
		4A0258CA16E2329300788826 /* SchedulerTest.app */ = {
			isa = PBXReferenceProxy;
			fileType = wrapper.application;
			path = SchedulerTest.app;
			remoteRef = 4A0258C916E2329300788826 /* PBXContainerItemProxy */;
			sourceTree = BUILT_PRODUCTS_DIR;
		};
		4A0258CC16E2329300788826 /* ShaderTest.app */ = {
			isa = PBXReferenceProxy;
			fileType = wrapper.application;
			path = ShaderTest.app;
			remoteRef = 4A0258CB16E2329300788826 /* PBXContainerItemProxy */;
			sourceTree = BUILT_PRODUCTS_DIR;
		};
		4A0258CE16E2329300788826 /* SpriteTest.app */ = {
			isa = PBXReferenceProxy;
			fileType = wrapper.application;
			path = SpriteTest.app;
			remoteRef = 4A0258CD16E2329300788826 /* PBXContainerItemProxy */;
			sourceTree = BUILT_PRODUCTS_DIR;
		};
		4A0258D016E2329300788826 /* Texture2dTest.app */ = {
			isa = PBXReferenceProxy;
			fileType = wrapper.application;
			path = Texture2dTest.app;
			remoteRef = 4A0258CF16E2329300788826 /* PBXContainerItemProxy */;
			sourceTree = BUILT_PRODUCTS_DIR;
		};
		4A0258D216E2329300788826 /* TileMapTest.app */ = {
			isa = PBXReferenceProxy;
			fileType = wrapper.application;
			path = TileMapTest.app;
			remoteRef = 4A0258D116E2329300788826 /* PBXContainerItemProxy */;
			sourceTree = BUILT_PRODUCTS_DIR;
		};
		4A0258D416E2329300788826 /* TouchesTest.app */ = {
			isa = PBXReferenceProxy;
			fileType = wrapper.application;
			path = TouchesTest.app;
			remoteRef = 4A0258D316E2329300788826 /* PBXContainerItemProxy */;
			sourceTree = BUILT_PRODUCTS_DIR;
		};
		4A0258D616E2329300788826 /* TransitionsTest.app */ = {
			isa = PBXReferenceProxy;
			fileType = wrapper.application;
			path = TransitionsTest.app;
			remoteRef = 4A0258D516E2329300788826 /* PBXContainerItemProxy */;
			sourceTree = BUILT_PRODUCTS_DIR;
		};
		4A0258D816E2329300788826 /* ZwoptexTest.app */ = {
			isa = PBXReferenceProxy;
			fileType = wrapper.application;
			path = ZwoptexTest.app;
			remoteRef = 4A0258D716E2329300788826 /* PBXContainerItemProxy */;
			sourceTree = BUILT_PRODUCTS_DIR;
		};
		4A0258DA16E2329300788826 /* Bug350.app */ = {
			isa = PBXReferenceProxy;
			fileType = wrapper.application;
			path = Bug350.app;
			remoteRef = 4A0258D916E2329300788826 /* PBXContainerItemProxy */;
			sourceTree = BUILT_PRODUCTS_DIR;
		};
		4A0258DC16E2329300788826 /* Bug422.app */ = {
			isa = PBXReferenceProxy;
			fileType = wrapper.application;
			path = Bug422.app;
			remoteRef = 4A0258DB16E2329300788826 /* PBXContainerItemProxy */;
			sourceTree = BUILT_PRODUCTS_DIR;
		};
		4A0258DE16E2329300788826 /* Bug458.app */ = {
			isa = PBXReferenceProxy;
			fileType = wrapper.application;
			path = Bug458.app;
			remoteRef = 4A0258DD16E2329300788826 /* PBXContainerItemProxy */;
			sourceTree = BUILT_PRODUCTS_DIR;
		};
		4A0258E016E2329300788826 /* Bug624.app */ = {
			isa = PBXReferenceProxy;
			fileType = wrapper.application;
			path = Bug624.app;
			remoteRef = 4A0258DF16E2329300788826 /* PBXContainerItemProxy */;
			sourceTree = BUILT_PRODUCTS_DIR;
		};
		4A0258E216E2329300788826 /* Bug886.app */ = {
			isa = PBXReferenceProxy;
			fileType = wrapper.application;
			path = Bug886.app;
			remoteRef = 4A0258E116E2329300788826 /* PBXContainerItemProxy */;
			sourceTree = BUILT_PRODUCTS_DIR;
		};
		4A0258E416E2329300788826 /* Bug899.app */ = {
			isa = PBXReferenceProxy;
			fileType = wrapper.application;
			path = Bug899.app;
			remoteRef = 4A0258E316E2329300788826 /* PBXContainerItemProxy */;
			sourceTree = BUILT_PRODUCTS_DIR;
		};
		4A0258E616E2329300788826 /* Bug914.app */ = {
			isa = PBXReferenceProxy;
			fileType = wrapper.application;
			path = Bug914.app;
			remoteRef = 4A0258E516E2329300788826 /* PBXContainerItemProxy */;
			sourceTree = BUILT_PRODUCTS_DIR;
		};
		4A0258E816E2329300788826 /* Bug1159.app */ = {
			isa = PBXReferenceProxy;
			fileType = wrapper.application;
			path = Bug1159.app;
			remoteRef = 4A0258E716E2329300788826 /* PBXContainerItemProxy */;
			sourceTree = BUILT_PRODUCTS_DIR;
		};
		4A0258EE16E2329A00788826 /* liblibOpen.a */ = {
			isa = PBXReferenceProxy;
			fileType = archive.ar;
			path = liblibOpen.a;
			remoteRef = 4A0258ED16E2329A00788826 /* PBXContainerItemProxy */;
			sourceTree = BUILT_PRODUCTS_DIR;
		};
/* End PBXReferenceProxy section */

/* Begin PBXResourcesBuildPhase section */
		4AC7AFD2147CDD4200E00C93 /* Resources */ = {
			isa = PBXResourcesBuildPhase;
			buildActionMask = 2147483647;
			files = (
				4AC7AFE5147CDD4200E00C93 /* InfoPlist.strings in Resources */,
				4AB3C95A151C493B005C7664 /* Default.png in Resources */,
				4AB3C96D151C493B005C7664 /* fps_images-hd.png in Resources */,
				4AB3C96E151C493B005C7664 /* fps_images-ipadhd.png in Resources */,
				4AB3C96F151C493B005C7664 /* fps_images.GlyphProject in Resources */,
				4AB3C970151C493B005C7664 /* fps_images.png in Resources */,
				4AB3C988151C493B005C7664 /* Icon-72.png in Resources */,
				4AB3C989151C493B005C7664 /* Icon-Small-50.png in Resources */,
				4AB3C98A151C493B005C7664 /* Icon-Small.png in Resources */,
				4AB3C98B151C493B005C7664 /* Icon-Small@2x.png in Resources */,
				4AB3C98C151C493B005C7664 /* Icon.png in Resources */,
				4AB3C98D151C493B005C7664 /* Icon@2x.png in Resources */,
				4AB3CA68151C493B005C7664 /* iTunesArtwork in Resources */,
				4AF55942152D53FA00B70099 /* land1.plist in Resources */,
				4AF55943152D53FA00B70099 /* land1.png in Resources */,
				4AF55946152D545D00B70099 /* tree1.plist in Resources */,
				4AF55947152D545D00B70099 /* tree1.png in Resources */,
				4AF5594A152D54DC00B70099 /* car1.plist in Resources */,
				4AF5594B152D54DC00B70099 /* car1.png in Resources */,
				4AF5594E152D54FD00B70099 /* sky1.plist in Resources */,
				4AF5594F152D54FD00B70099 /* sky1.png in Resources */,
				4AF55952152D5EC700B70099 /* bone1.plist in Resources */,
				4AF55953152D5EC700B70099 /* bone1.png in Resources */,
				4AF55956152D650B00B70099 /* bg1.plist in Resources */,
				4AF55957152D650B00B70099 /* bg1.png in Resources */,
				4AFD1211152E9EF900E6246D /* person.json in Resources */,
				4A94D6C816E6DD1C006A0C0A /* testCar.json in Resources */,
				4A6E7AE616E8C40100C53C9D /* terrain1.json in Resources */,
			);
			runOnlyForDeploymentPostprocessing = 0;
		};
/* End PBXResourcesBuildPhase section */

/* Begin PBXSourcesBuildPhase section */
		4AC7AFD0147CDD4200E00C93 /* Sources */ = {
			isa = PBXSourcesBuildPhase;
			buildActionMask = 2147483647;
			files = (
				4AC6289A15186DA600BB45FB /* HSWorldManager.mm in Sources */,
				4AC7AFE7147CDD4200E00C93 /* main.m in Sources */,
				4AC7B028147CDF4500E00C93 /* cocos2DAppDelegate.m in Sources */,
				4A0C626F14C55EC800D37710 /* HSSceneManager.m in Sources */,
				4A9B29011505AF66003384A0 /* HSMainLayer.mm in Sources */,
				4AF3D69E151036D7009BB2EC /* TIntList.m in Sources */,
				4AF3D6A4151039E1009BB2EC /* TSimpleList.m in Sources */,
				4AF3D6B215103BF3009BB2EC /* TFloatList.m in Sources */,
				4AF3D6B515103E1F009BB2EC /* Tb2VecList.mm in Sources */,
				4AF3D6BA1510824B009BB2EC /* b2JointList.mm in Sources */,
				4ABAB6041515DE69003EA61A /* HSActorManager.mm in Sources */,
				4AC6288B151864FB00BB45FB /* HSActorController.mm in Sources */,
				4A3317711519778600A77096 /* HSMapEngine.mm in Sources */,
				4AB3C79B151C2769005C7664 /* GLES-Render.mm in Sources */,
				4A2CF1DA1520128C007CEEAD /* TPool.m in Sources */,
				4AA333A716E5F75E00747D38 /* HSDynamicTreeManager.mm in Sources */,
				4AA3356A16E6253C00747D38 /* HSActorBase.mm in Sources */,
				4A94D70316E73A8B006A0C0A /* b2BodyList.mm in Sources */,
				4A1E46B716E83ABA001C288E /* HSActorDescriptionManager.m in Sources */,
				4A1E46BA16E8899E001C288E /* HSActorLocomotive.mm in Sources */,
			);
			runOnlyForDeploymentPostprocessing = 0;
		};
/* End PBXSourcesBuildPhase section */

/* Begin PBXVariantGroup section */
		4AC7AFE3147CDD4200E00C93 /* InfoPlist.strings */ = {
			isa = PBXVariantGroup;
			children = (
				4AC7AFE4147CDD4200E00C93 /* en */,
			);
			name = InfoPlist.strings;
			sourceTree = "<group>";
		};
/* End PBXVariantGroup section */

/* Begin XCBuildConfiguration section */
		4AC7B005147CDD4200E00C93 /* Debug */ = {
			isa = XCBuildConfiguration;
			buildSettings = {
				ALWAYS_SEARCH_USER_PATHS = NO;
				ARCHS = "$(ARCHS_STANDARD_32_BIT)";
				CLANG_ENABLE_OBJC_ARC = YES;
				"CODE_SIGN_IDENTITY[sdk=iphoneos*]" = "iPhone Developer";
				COPY_PHASE_STRIP = NO;
				GCC_C_LANGUAGE_STANDARD = gnu99;
				GCC_DYNAMIC_NO_PIC = NO;
				GCC_OPTIMIZATION_LEVEL = 0;
				GCC_PREPROCESSOR_DEFINITIONS = (
					"DEBUG=1",
					"$(inherited)",
				);
				GCC_SYMBOLS_PRIVATE_EXTERN = NO;
				GCC_VERSION = com.apple.compilers.llvm.clang.1_0;
				GCC_WARN_ABOUT_MISSING_PROTOTYPES = YES;
				GCC_WARN_ABOUT_RETURN_TYPE = YES;
				GCC_WARN_UNUSED_VARIABLE = YES;
				HEADER_SEARCH_PATHS = (
					"\"../libCocos2D\"/**",
					"\"../libOpen\"/**",
				);
				IPHONEOS_DEPLOYMENT_TARGET = 5.0;
				SDKROOT = iphoneos;
				TARGETED_DEVICE_FAMILY = "1,2";
			};
			name = Debug;
		};
		4AC7B006147CDD4200E00C93 /* Release */ = {
			isa = XCBuildConfiguration;
			buildSettings = {
				ALWAYS_SEARCH_USER_PATHS = NO;
				ARCHS = "$(ARCHS_STANDARD_32_BIT)";
				CLANG_ENABLE_OBJC_ARC = YES;
				"CODE_SIGN_IDENTITY[sdk=iphoneos*]" = "iPhone Developer";
				COPY_PHASE_STRIP = YES;
				GCC_C_LANGUAGE_STANDARD = gnu99;
				GCC_VERSION = com.apple.compilers.llvm.clang.1_0;
				GCC_WARN_ABOUT_MISSING_PROTOTYPES = YES;
				GCC_WARN_ABOUT_RETURN_TYPE = YES;
				GCC_WARN_UNUSED_VARIABLE = YES;
				HEADER_SEARCH_PATHS = (
					"\"../libCocos2D\"/**",
					"\"../libOpen\"/**",
				);
				IPHONEOS_DEPLOYMENT_TARGET = 5.0;
				OTHER_CFLAGS = "-DNS_BLOCK_ASSERTIONS=1";
				SDKROOT = iphoneos;
				TARGETED_DEVICE_FAMILY = "1,2";
				VALIDATE_PRODUCT = YES;
			};
			name = Release;
		};
		4AC7B008147CDD4200E00C93 /* Debug */ = {
			isa = XCBuildConfiguration;
			buildSettings = {
				ALWAYS_SEARCH_USER_PATHS = NO;
				CLANG_CXX_LIBRARY = "compiler-default";
				CLANG_ENABLE_OBJC_ARC = YES;
				CODE_SIGN_IDENTITY = "iPhone Developer";
				GCC_PRECOMPILE_PREFIX_HEADER = YES;
				GCC_PREFIX_HEADER = "House/House-Prefix.pch";
				GCC_VERSION = com.apple.compilers.llvm.clang.1_0;
				HEADER_SEARCH_PATHS = "$(inherited)";
				INFOPLIST_FILE = "House/House-Info.plist";
				IPHONEOS_DEPLOYMENT_TARGET = 5.0;
				LIBRARY_SEARCH_PATHS = "$(inherited)";
				MACH_O_TYPE = mh_execute;
				OTHER_LDFLAGS = (
					"-all_load",
					"-ObjC",
				);
				PRODUCT_NAME = "$(TARGET_NAME)";
				PROVISIONING_PROFILE = "";
				TARGETED_DEVICE_FAMILY = "1,2";
				USER_HEADER_SEARCH_PATHS = "";
				WRAPPER_EXTENSION = app;
			};
			name = Debug;
		};
		4AC7B009147CDD4200E00C93 /* Release */ = {
			isa = XCBuildConfiguration;
			buildSettings = {
				ALWAYS_SEARCH_USER_PATHS = NO;
				CLANG_CXX_LIBRARY = "compiler-default";
				CLANG_ENABLE_OBJC_ARC = YES;
				CODE_SIGN_IDENTITY = "iPhone Developer";
				GCC_PRECOMPILE_PREFIX_HEADER = YES;
				GCC_PREFIX_HEADER = "House/House-Prefix.pch";
				GCC_VERSION = com.apple.compilers.llvm.clang.1_0;
				HEADER_SEARCH_PATHS = "$(inherited)";
				INFOPLIST_FILE = "House/House-Info.plist";
				IPHONEOS_DEPLOYMENT_TARGET = 5.0;
				LIBRARY_SEARCH_PATHS = "$(inherited)";
				MACH_O_TYPE = mh_execute;
				OTHER_LDFLAGS = (
					"-all_load",
					"-ObjC",
				);
				PRODUCT_NAME = "$(TARGET_NAME)";
				PROVISIONING_PROFILE = "";
				TARGETED_DEVICE_FAMILY = "1,2";
				USER_HEADER_SEARCH_PATHS = "";
				WRAPPER_EXTENSION = app;
			};
			name = Release;
		};
/* End XCBuildConfiguration section */

/* Begin XCConfigurationList section */
		4AC7AFCE147CDD4200E00C93 /* Build configuration list for PBXProject "House" */ = {
			isa = XCConfigurationList;
			buildConfigurations = (
				4AC7B005147CDD4200E00C93 /* Debug */,
				4AC7B006147CDD4200E00C93 /* Release */,
			);
			defaultConfigurationIsVisible = 0;
			defaultConfigurationName = Release;
		};
		4AC7B007147CDD4200E00C93 /* Build configuration list for PBXNativeTarget "House" */ = {
			isa = XCConfigurationList;
			buildConfigurations = (
				4AC7B008147CDD4200E00C93 /* Debug */,
				4AC7B009147CDD4200E00C93 /* Release */,
			);
			defaultConfigurationIsVisible = 0;
			defaultConfigurationName = Release;
		};
/* End XCConfigurationList section */
	};
	rootObject = 4AC7AFCB147CDD4200E00C93 /* Project object */;
}
